// !$*UTF8*$!
{
	archiveVersion = 1;
	classes = {
	};
	objectVersion = 46;
	objects = {

/* Begin PBXBuildFile section */
		5F429B051DADFA89008A3CA0 /* main.m in Sources */ = {isa = PBXBuildFile; fileRef = 5F429B041DADFA89008A3CA0 /* main.m */; };
		5F429B0D1DADFAC9008A3CA0 /* FizzBuzz.m in Sources */ = {isa = PBXBuildFile; fileRef = 5F429B0C1DADFAC9008A3CA0 /* FizzBuzz.m */; };
/* End PBXBuildFile section */

/* Begin PBXCopyFilesBuildPhase section */
		5F429AFF1DADFA89008A3CA0 /* CopyFiles */ = {
			isa = PBXCopyFilesBuildPhase;
			buildActionMask = 2147483647;
			dstPath = /usr/share/man/man1/;
			dstSubfolderSpec = 0;
			files = (
			);
			runOnlyForDeploymentPostprocessing = 1;
		};
/* End PBXCopyFilesBuildPhase section */

/* Begin PBXFileReference section */
		5F429B011DADFA89008A3CA0 /* Class1012_SoftWare */ = {isa = PBXFileReference; explicitFileType = "compiled.mach-o.executable"; includeInIndex = 0; path = Class1012_SoftWare; sourceTree = BUILT_PRODUCTS_DIR; };
		5F429B041DADFA89008A3CA0 /* main.m */ = {isa = PBXFileReference; lastKnownFileType = sourcecode.c.objc; path = main.m; sourceTree = "<group>"; };
		5F429B0B1DADFAC9008A3CA0 /* FizzBuzz.h */ = {isa = PBXFileReference; fileEncoding = 4; lastKnownFileType = sourcecode.c.h; path = FizzBuzz.h; sourceTree = "<group>"; };
		5F429B0C1DADFAC9008A3CA0 /* FizzBuzz.m */ = {isa = PBXFileReference; fileEncoding = 4; lastKnownFileType = sourcecode.c.objc; path = FizzBuzz.m; sourceTree = "<group>"; };
/* End PBXFileReference section */

/* Begin PBXFrameworksBuildPhase section */
		5F429AFE1DADFA89008A3CA0 /* Frameworks */ = {
			isa = PBXFrameworksBuildPhase;
			buildActionMask = 2147483647;
			files = (
			);
			runOnlyForDeploymentPostprocessing = 0;
		};
/* End PBXFrameworksBuildPhase section */

/* Begin PBXGroup section */
		5F429AF81DADFA89008A3CA0 = {
			isa = PBXGroup;
			children = (
				5F429B031DADFA89008A3CA0 /* Class1012_SoftWare */,
				5F429B021DADFA89008A3CA0 /* Products */,
			);
			sourceTree = "<group>";
		};
		5F429B021DADFA89008A3CA0 /* Products */ = {
			isa = PBXGroup;
			children = (
				5F429B011DADFA89008A3CA0 /* Class1012_SoftWare */,
			);
			name = Products;
			sourceTree = "<group>";
		};
		5F429B031DADFA89008A3CA0 /* Class1012_SoftWare */ = {
			isa = PBXGroup;
			children = (
				5F429B041DADFA89008A3CA0 /* main.m */,
				5F429B0B1DADFAC9008A3CA0 /* FizzBuzz.h */,
				5F429B0C1DADFAC9008A3CA0 /* FizzBuzz.m */,
			);
			path = Class1012_SoftWare;
			sourceTree = "<group>";
		};
/* End PBXGroup section */

/* Begin PBXNativeTarget section */
		5F429B001DADFA89008A3CA0 /* Class1012_SoftWare */ = {
			isa = PBXNativeTarget;
			buildConfigurationList = 5F429B081DADFA89008A3CA0 /* Build configuration list for PBXNativeTarget "Class1012_SoftWare" */;
			buildPhases = (
				5F429AFD1DADFA89008A3CA0 /* Sources */,
				5F429AFE1DADFA89008A3CA0 /* Frameworks */,
				5F429AFF1DADFA89008A3CA0 /* CopyFiles */,
			);
			buildRules = (
			);
			dependencies = (
			);
			name = Class1012_SoftWare;
			productName = Class1012_SoftWare;
			productReference = 5F429B011DADFA89008A3CA0 /* Class1012_SoftWare */;
			productType = "com.apple.product-type.tool";
		};
/* End PBXNativeTarget section */

/* Begin PBXProject section */
		5F429AF91DADFA89008A3CA0 /* Project object */ = {
			isa = PBXProject;
			attributes = {
				LastUpgradeCheck = 0800;
				ORGANIZATIONNAME = chaving;
				TargetAttributes = {
					5F429B001DADFA89008A3CA0 = {
						CreatedOnToolsVersion = 8.0;
						ProvisioningStyle = Automatic;
					};
				};
			};
			buildConfigurationList = 5F429AFC1DADFA89008A3CA0 /* Build configuration list for PBXProject "Class1012_SoftWare" */;
			compatibilityVersion = "Xcode 3.2";
			developmentRegion = English;
			hasScannedForEncodings = 0;
			knownRegions = (
				en,
			);
			mainGroup = 5F429AF81DADFA89008A3CA0;
			productRefGroup = 5F429B021DADFA89008A3CA0 /* Products */;
			projectDirPath = "";
			projectRoot = "";
			targets = (
				5F429B001DADFA89008A3CA0 /* Class1012_SoftWare */,
			);
		};
/* End PBXProject section */

/* Begin PBXSourcesBuildPhase section */
		5F429AFD1DADFA89008A3CA0 /* Sources */ = {
			isa = PBXSourcesBuildPhase;
			buildActionMask = 2147483647;
			files = (
				5F429B051DADFA89008A3CA0 /* main.m in Sources */,
				5F429B0D1DADFAC9008A3CA0 /* FizzBuzz.m in Sources */,
			);
			runOnlyForDeploymentPostprocessing = 0;
		};
/* End PBXSourcesBuildPhase section */

/* Begin XCBuildConfiguration section */
		5F429B061DADFA89008A3CA0 /* Debug */ = {
			isa = XCBuildConfiguration;
			buildSettings = {
				ALWAYS_SEARCH_USER_PATHS = NO;
				CLANG_ANALYZER_NONNULL = YES;
				CLANG_CXX_LANGUAGE_STANDARD = "gnu++0x";
				CLANG_CXX_LIBRARY = "libc++";
				CLANG_ENABLE_MODULES = YES;
				CLANG_ENABLE_OBJC_ARC = YES;
				CLANG_WARN_BOOL_CONVERSION = YES;
				CLANG_WARN_CONSTANT_CONVERSION = YES;
				CLANG_WARN_DIRECT_OBJC_ISA_USAGE = YES_ERROR;
				CLANG_WARN_DOCUMENTATION_COMMENTS = YES;
				CLANG_WARN_EMPTY_BODY = YES;
				CLANG_WARN_ENUM_CONVERSION = YES;
				CLANG_WARN_INFINITE_RECURSION = YES;
				CLANG_WARN_INT_CONVERSION = YES;
				CLANG_WARN_OBJC_ROOT_CLASS = YES_ERROR;
				CLANG_WARN_SUSPICIOUS_MOVES = YES;
				CLANG_WARN_UNREACHABLE_CODE = YES;
				CLANG_WARN__DUPLICATE_METHOD_MATCH = YES;
				CODE_SIGN_IDENTITY = "-";
				COPY_PHASE_STRIP = NO;
				DEBUG_INFORMATION_FORMAT = dwarf;
				ENABLE_STRICT_OBJC_MSGSEND = YES;
				ENABLE_TESTABILITY = YES;
				GCC_C_LANGUAGE_STANDARD = gnu99;
				GCC_DYNAMIC_NO_PIC = NO;
				GCC_NO_COMMON_BLOCKS = YES;
				GCC_OPTIMIZATION_LEVEL = 0;
				GCC_PREPROCESSOR_DEFINITIONS = (
					"DEBUG=1",
					"$(inherited)",
				);
				GCC_WARN_64_TO_32_BIT_CONVERSION = YES;
				GCC_WARN_ABOUT_RETURN_TYPE = YES_ERROR;
				GCC_WARN_UNDECLARED_SELECTOR = YES;
				GCC_WARN_UNINITIALIZED_AUTOS = YES_AGGRESSIVE;
				GCC_WARN_UNUSED_FUNCTION = YES;
				GCC_WARN_UNUSED_VARIABLE = YES;
				MACOSX_DEPLOYMENT_TARGET = 10.12;
				MTL_ENABLE_DEBUG_INFO = YES;
				ONLY_ACTIVE_ARCH = YES;
				SDKROOT = macosx;
			};
			name = Debug;
		};
		5F429B071DADFA89008A3CA0 /* Release */ = {
			isa = XCBuildConfiguration;
			buildSettings = {
				ALWAYS_SEARCH_USER_PATHS = NO;
				CLANG_ANALYZER_NONNULL = YES;
				CLANG_CXX_LANGUAGE_STANDARD = "gnu++0x";
				CLANG_CXX_LIBRARY = "libc++";
				CLANG_ENABLE_MODULES = YES;
				CLANG_ENABLE_OBJC_ARC = YES;
				CLANG_WARN_BOOL_CONVERSION = YES;
				CLANG_WARN_CONSTANT_CONVERSION = YES;
				CLANG_WARN_DIRECT_OBJC_ISA_USAGE = YES_ERROR;
				CLANG_WARN_DOCUMENTATION_COMMENTS = YES;
				CLANG_WARN_EMPTY_BODY = YES;
				CLANG_WARN_ENUM_CONVERSION = YES;
				CLANG_WARN_INFINITE_RECURSION = YES;
				CLANG_WARN_INT_CONVERSION = YES;
				CLANG_WARN_OBJC_ROOT_CLASS = YES_ERROR;
				CLANG_WARN_SUSPICIOUS_MOVES = YES;
				CLANG_WARN_UNREACHABLE_CODE = YES;
				CLANG_WARN__DUPLICATE_METHOD_MATCH = YES;
				CODE_SIGN_IDENTITY = "-";
				COPY_PHASE_STRIP = NO;
				DEBUG_INFORMATION_FORMAT = "dwarf-with-dsym";
				ENABLE_NS_ASSERTIONS = NO;
				ENABLE_STRICT_OBJC_MSGSEND = YES;
				GCC_C_LANGUAGE_STANDARD = gnu99;
				GCC_NO_COMMON_BLOCKS = YES;
				GCC_WARN_64_TO_32_BIT_CONVERSION = YES;
				GCC_WARN_ABOUT_RETURN_TYPE = YES_ERROR;
				GCC_WARN_UNDECLARED_SELECTOR = YES;
				GCC_WARN_UNINITIALIZED_AUTOS = YES_AGGRESSIVE;
				GCC_WARN_UNUSED_FUNCTION = YES;
				GCC_WARN_UNUSED_VARIABLE = YES;
				MACOSX_DEPLOYMENT_TARGET = 10.12;
				MTL_ENABLE_DEBUG_INFO = NO;
				SDKROOT = macosx;
			};
			name = Release;
		};
		5F429B091DADFA89008A3CA0 /* Debug */ = {
			isa = XCBuildConfiguration;
			buildSettings = {
				PRODUCT_NAME = "$(TARGET_NAME)";
			};
			name = Debug;
		};
		5F429B0A1DADFA89008A3CA0 /* Release */ = {
			isa = XCBuildConfiguration;
			buildSettings = {
				PRODUCT_NAME = "$(TARGET_NAME)";
			};
			name = Release;
		};
/* End XCBuildConfiguration section */

/* Begin XCConfigurationList section */
		5F429AFC1DADFA89008A3CA0 /* Build configuration list for PBXProject "Class1012_SoftWare" */ = {
			isa = XCConfigurationList;
			buildConfigurations = (
				5F429B061DADFA89008A3CA0 /* Debug */,
				5F429B071DADFA89008A3CA0 /* Release */,
			);
			defaultConfigurationIsVisible = 0;
			defaultConfigurationName = Release;
		};
		5F429B081DADFA89008A3CA0 /* Build configuration list for PBXNativeTarget "Class1012_SoftWare" */ = {
			isa = XCConfigurationList;
			buildConfigurations = (
				5F429B091DADFA89008A3CA0 /* Debug */,
				5F429B0A1DADFA89008A3CA0 /* Release */,
			);
			defaultConfigurationIsVisible = 0;
		};
/* End XCConfigurationList section */
	};
	rootObject = 5F429AF91DADFA89008A3CA0 /* Project object */;
}
