// !$*UTF8*$!
{
	archiveVersion = 1;
	classes = {
	};
	objectVersion = 46;
	objects = {

/* Begin PBXBuildFile section */
		5F072BE21DDF1A1600E66654 /* main.m in Sources */ = {isa = PBXBuildFile; fileRef = 5F072BE11DDF1A1600E66654 /* main.m */; };
		5F072BEA1DDF1A2000E66654 /* Node.m in Sources */ = {isa = PBXBuildFile; fileRef = 5F072BE91DDF1A2000E66654 /* Node.m */; };
		5F072BED1DDF1A9B00E66654 /* LinkedList.m in Sources */ = {isa = PBXBuildFile; fileRef = 5F072BEC1DDF1A9B00E66654 /* LinkedList.m */; };
		5F7C732D1DE8622B0095B88D /* Sort.m in Sources */ = {isa = PBXBuildFile; fileRef = 5F7C732C1DE8622B0095B88D /* Sort.m */; };
/* End PBXBuildFile section */

/* Begin PBXCopyFilesBuildPhase section */
		5F072BDC1DDF1A1600E66654 /* CopyFiles */ = {
			isa = PBXCopyFilesBuildPhase;
			buildActionMask = 2147483647;
			dstPath = /usr/share/man/man1/;
			dstSubfolderSpec = 0;
			files = (
			);
			runOnlyForDeploymentPostprocessing = 1;
		};
/* End PBXCopyFilesBuildPhase section */

/* Begin PBXFileReference section */
		5F072BDE1DDF1A1600E66654 /* Class1118_DataStructure */ = {isa = PBXFileReference; explicitFileType = "compiled.mach-o.executable"; includeInIndex = 0; path = Class1118_DataStructure; sourceTree = BUILT_PRODUCTS_DIR; };
		5F072BE11DDF1A1600E66654 /* main.m */ = {isa = PBXFileReference; lastKnownFileType = sourcecode.c.objc; path = main.m; sourceTree = "<group>"; };
		5F072BE81DDF1A2000E66654 /* Node.h */ = {isa = PBXFileReference; fileEncoding = 4; lastKnownFileType = sourcecode.c.h; path = Node.h; sourceTree = "<group>"; };
		5F072BE91DDF1A2000E66654 /* Node.m */ = {isa = PBXFileReference; fileEncoding = 4; lastKnownFileType = sourcecode.c.objc; path = Node.m; sourceTree = "<group>"; };
		5F072BEB1DDF1A9B00E66654 /* LinkedList.h */ = {isa = PBXFileReference; fileEncoding = 4; lastKnownFileType = sourcecode.c.h; path = LinkedList.h; sourceTree = "<group>"; };
		5F072BEC1DDF1A9B00E66654 /* LinkedList.m */ = {isa = PBXFileReference; fileEncoding = 4; lastKnownFileType = sourcecode.c.objc; path = LinkedList.m; sourceTree = "<group>"; };
		5F7C732B1DE8622B0095B88D /* Sort.h */ = {isa = PBXFileReference; fileEncoding = 4; lastKnownFileType = sourcecode.c.h; path = Sort.h; sourceTree = "<group>"; };
		5F7C732C1DE8622B0095B88D /* Sort.m */ = {isa = PBXFileReference; fileEncoding = 4; lastKnownFileType = sourcecode.c.objc; path = Sort.m; sourceTree = "<group>"; };
/* End PBXFileReference section */

/* Begin PBXFrameworksBuildPhase section */
		5F072BDB1DDF1A1600E66654 /* Frameworks */ = {
			isa = PBXFrameworksBuildPhase;
			buildActionMask = 2147483647;
			files = (
			);
			runOnlyForDeploymentPostprocessing = 0;
		};
/* End PBXFrameworksBuildPhase section */

/* Begin PBXGroup section */
		5F072BD51DDF1A1600E66654 = {
			isa = PBXGroup;
			children = (
				5F072BE01DDF1A1600E66654 /* Class1118_DataStructure */,
				5F072BDF1DDF1A1600E66654 /* Products */,
			);
			sourceTree = "<group>";
		};
		5F072BDF1DDF1A1600E66654 /* Products */ = {
			isa = PBXGroup;
			children = (
				5F072BDE1DDF1A1600E66654 /* Class1118_DataStructure */,
			);
			name = Products;
			sourceTree = "<group>";
		};
		5F072BE01DDF1A1600E66654 /* Class1118_DataStructure */ = {
			isa = PBXGroup;
			children = (
				5F072BE11DDF1A1600E66654 /* main.m */,
				5F072BE81DDF1A2000E66654 /* Node.h */,
				5F072BE91DDF1A2000E66654 /* Node.m */,
				5F072BEB1DDF1A9B00E66654 /* LinkedList.h */,
				5F072BEC1DDF1A9B00E66654 /* LinkedList.m */,
				5F7C732B1DE8622B0095B88D /* Sort.h */,
				5F7C732C1DE8622B0095B88D /* Sort.m */,
			);
			path = Class1118_DataStructure;
			sourceTree = "<group>";
		};
/* End PBXGroup section */

/* Begin PBXNativeTarget section */
		5F072BDD1DDF1A1600E66654 /* Class1118_DataStructure */ = {
			isa = PBXNativeTarget;
			buildConfigurationList = 5F072BE51DDF1A1600E66654 /* Build configuration list for PBXNativeTarget "Class1118_DataStructure" */;
			buildPhases = (
				5F072BDA1DDF1A1600E66654 /* Sources */,
				5F072BDB1DDF1A1600E66654 /* Frameworks */,
				5F072BDC1DDF1A1600E66654 /* CopyFiles */,
			);
			buildRules = (
			);
			dependencies = (
			);
			name = Class1118_DataStructure;
			productName = Class1118_DataStructure;
			productReference = 5F072BDE1DDF1A1600E66654 /* Class1118_DataStructure */;
			productType = "com.apple.product-type.tool";
		};
/* End PBXNativeTarget section */

/* Begin PBXProject section */
		5F072BD61DDF1A1600E66654 /* Project object */ = {
			isa = PBXProject;
			attributes = {
				LastUpgradeCheck = 0810;
				ORGANIZATIONNAME = chaving;
				TargetAttributes = {
					5F072BDD1DDF1A1600E66654 = {
						CreatedOnToolsVersion = 8.1;
						ProvisioningStyle = Automatic;
					};
				};
			};
			buildConfigurationList = 5F072BD91DDF1A1600E66654 /* Build configuration list for PBXProject "Class1118_DataStructure" */;
			compatibilityVersion = "Xcode 3.2";
			developmentRegion = English;
			hasScannedForEncodings = 0;
			knownRegions = (
				en,
			);
			mainGroup = 5F072BD51DDF1A1600E66654;
			productRefGroup = 5F072BDF1DDF1A1600E66654 /* Products */;
			projectDirPath = "";
			projectRoot = "";
			targets = (
				5F072BDD1DDF1A1600E66654 /* Class1118_DataStructure */,
			);
		};
/* End PBXProject section */

/* Begin PBXSourcesBuildPhase section */
		5F072BDA1DDF1A1600E66654 /* Sources */ = {
			isa = PBXSourcesBuildPhase;
			buildActionMask = 2147483647;
			files = (
				5F072BED1DDF1A9B00E66654 /* LinkedList.m in Sources */,
				5F7C732D1DE8622B0095B88D /* Sort.m in Sources */,
				5F072BE21DDF1A1600E66654 /* main.m in Sources */,
				5F072BEA1DDF1A2000E66654 /* Node.m in Sources */,
			);
			runOnlyForDeploymentPostprocessing = 0;
		};
/* End PBXSourcesBuildPhase section */

/* Begin XCBuildConfiguration section */
		5F072BE31DDF1A1600E66654 /* Debug */ = {
			isa = XCBuildConfiguration;
			buildSettings = {
				ALWAYS_SEARCH_USER_PATHS = NO;
				CLANG_ANALYZER_NONNULL = YES;
				CLANG_CXX_LANGUAGE_STANDARD = "gnu++0x";
				CLANG_CXX_LIBRARY = "libc++";
				CLANG_ENABLE_MODULES = YES;
				CLANG_ENABLE_OBJC_ARC = YES;
				CLANG_WARN_BOOL_CONVERSION = YES;
				CLANG_WARN_CONSTANT_CONVERSION = YES;
				CLANG_WARN_DIRECT_OBJC_ISA_USAGE = YES_ERROR;
				CLANG_WARN_DOCUMENTATION_COMMENTS = YES;
				CLANG_WARN_EMPTY_BODY = YES;
				CLANG_WARN_ENUM_CONVERSION = YES;
				CLANG_WARN_INFINITE_RECURSION = YES;
				CLANG_WARN_INT_CONVERSION = YES;
				CLANG_WARN_OBJC_ROOT_CLASS = YES_ERROR;
				CLANG_WARN_SUSPICIOUS_MOVES = YES;
				CLANG_WARN_UNREACHABLE_CODE = YES;
				CLANG_WARN__DUPLICATE_METHOD_MATCH = YES;
				CODE_SIGN_IDENTITY = "-";
				COPY_PHASE_STRIP = NO;
				DEBUG_INFORMATION_FORMAT = dwarf;
				ENABLE_STRICT_OBJC_MSGSEND = YES;
				ENABLE_TESTABILITY = YES;
				GCC_C_LANGUAGE_STANDARD = gnu99;
				GCC_DYNAMIC_NO_PIC = NO;
				GCC_NO_COMMON_BLOCKS = YES;
				GCC_OPTIMIZATION_LEVEL = 0;
				GCC_PREPROCESSOR_DEFINITIONS = (
					"DEBUG=1",
					"$(inherited)",
				);
				GCC_WARN_64_TO_32_BIT_CONVERSION = YES;
				GCC_WARN_ABOUT_RETURN_TYPE = YES_ERROR;
				GCC_WARN_UNDECLARED_SELECTOR = YES;
				GCC_WARN_UNINITIALIZED_AUTOS = YES_AGGRESSIVE;
				GCC_WARN_UNUSED_FUNCTION = YES;
				GCC_WARN_UNUSED_VARIABLE = YES;
				MACOSX_DEPLOYMENT_TARGET = 10.12;
				MTL_ENABLE_DEBUG_INFO = YES;
				ONLY_ACTIVE_ARCH = YES;
				SDKROOT = macosx;
			};
			name = Debug;
		};
		5F072BE41DDF1A1600E66654 /* Release */ = {
			isa = XCBuildConfiguration;
			buildSettings = {
				ALWAYS_SEARCH_USER_PATHS = NO;
				CLANG_ANALYZER_NONNULL = YES;
				CLANG_CXX_LANGUAGE_STANDARD = "gnu++0x";
				CLANG_CXX_LIBRARY = "libc++";
				CLANG_ENABLE_MODULES = YES;
				CLANG_ENABLE_OBJC_ARC = YES;
				CLANG_WARN_BOOL_CONVERSION = YES;
				CLANG_WARN_CONSTANT_CONVERSION = YES;
				CLANG_WARN_DIRECT_OBJC_ISA_USAGE = YES_ERROR;
				CLANG_WARN_DOCUMENTATION_COMMENTS = YES;
				CLANG_WARN_EMPTY_BODY = YES;
				CLANG_WARN_ENUM_CONVERSION = YES;
				CLANG_WARN_INFINITE_RECURSION = YES;
				CLANG_WARN_INT_CONVERSION = YES;
				CLANG_WARN_OBJC_ROOT_CLASS = YES_ERROR;
				CLANG_WARN_SUSPICIOUS_MOVES = YES;
				CLANG_WARN_UNREACHABLE_CODE = YES;
				CLANG_WARN__DUPLICATE_METHOD_MATCH = YES;
				CODE_SIGN_IDENTITY = "-";
				COPY_PHASE_STRIP = NO;
				DEBUG_INFORMATION_FORMAT = "dwarf-with-dsym";
				ENABLE_NS_ASSERTIONS = NO;
				ENABLE_STRICT_OBJC_MSGSEND = YES;
				GCC_C_LANGUAGE_STANDARD = gnu99;
				GCC_NO_COMMON_BLOCKS = YES;
				GCC_WARN_64_TO_32_BIT_CONVERSION = YES;
				GCC_WARN_ABOUT_RETURN_TYPE = YES_ERROR;
				GCC_WARN_UNDECLARED_SELECTOR = YES;
				GCC_WARN_UNINITIALIZED_AUTOS = YES_AGGRESSIVE;
				GCC_WARN_UNUSED_FUNCTION = YES;
				GCC_WARN_UNUSED_VARIABLE = YES;
				MACOSX_DEPLOYMENT_TARGET = 10.12;
				MTL_ENABLE_DEBUG_INFO = NO;
				SDKROOT = macosx;
			};
			name = Release;
		};
		5F072BE61DDF1A1600E66654 /* Debug */ = {
			isa = XCBuildConfiguration;
			buildSettings = {
				PRODUCT_NAME = "$(TARGET_NAME)";
			};
			name = Debug;
		};
		5F072BE71DDF1A1600E66654 /* Release */ = {
			isa = XCBuildConfiguration;
			buildSettings = {
				PRODUCT_NAME = "$(TARGET_NAME)";
			};
			name = Release;
		};
/* End XCBuildConfiguration section */

/* Begin XCConfigurationList section */
		5F072BD91DDF1A1600E66654 /* Build configuration list for PBXProject "Class1118_DataStructure" */ = {
			isa = XCConfigurationList;
			buildConfigurations = (
				5F072BE31DDF1A1600E66654 /* Debug */,
				5F072BE41DDF1A1600E66654 /* Release */,
			);
			defaultConfigurationIsVisible = 0;
			defaultConfigurationName = Release;
		};
		5F072BE51DDF1A1600E66654 /* Build configuration list for PBXNativeTarget "Class1118_DataStructure" */ = {
			isa = XCConfigurationList;
			buildConfigurations = (
				5F072BE61DDF1A1600E66654 /* Debug */,
				5F072BE71DDF1A1600E66654 /* Release */,
			);
			defaultConfigurationIsVisible = 0;
			defaultConfigurationName = Release;
		};
/* End XCConfigurationList section */
	};
	rootObject = 5F072BD61DDF1A1600E66654 /* Project object */;
}
