// !$*UTF8*$!
{
	archiveVersion = 1;
	classes = {
	};
	objectVersion = 46;
	objects = {

/* Begin PBXBuildFile section */
		5FEFDC0A1D9CDC3D0012DCA1 /* main.m in Sources */ = {isa = PBXBuildFile; fileRef = 5FEFDC091D9CDC3D0012DCA1 /* main.m */; };
		5FEFDC0D1D9CDC3D0012DCA1 /* AppDelegate.m in Sources */ = {isa = PBXBuildFile; fileRef = 5FEFDC0C1D9CDC3D0012DCA1 /* AppDelegate.m */; };
		5FEFDC101D9CDC3D0012DCA1 /* ViewController.m in Sources */ = {isa = PBXBuildFile; fileRef = 5FEFDC0F1D9CDC3D0012DCA1 /* ViewController.m */; };
		5FEFDC131D9CDC3D0012DCA1 /* Main.storyboard in Resources */ = {isa = PBXBuildFile; fileRef = 5FEFDC111D9CDC3D0012DCA1 /* Main.storyboard */; };
		5FEFDC151D9CDC3D0012DCA1 /* Assets.xcassets in Resources */ = {isa = PBXBuildFile; fileRef = 5FEFDC141D9CDC3D0012DCA1 /* Assets.xcassets */; };
		5FEFDC181D9CDC3D0012DCA1 /* LaunchScreen.storyboard in Resources */ = {isa = PBXBuildFile; fileRef = 5FEFDC161D9CDC3D0012DCA1 /* LaunchScreen.storyboard */; };
/* End PBXBuildFile section */

/* Begin PBXFileReference section */
		5FEFDC051D9CDC3D0012DCA1 /* class0929_UITest.app */ = {isa = PBXFileReference; explicitFileType = wrapper.application; includeInIndex = 0; path = class0929_UITest.app; sourceTree = BUILT_PRODUCTS_DIR; };
		5FEFDC091D9CDC3D0012DCA1 /* main.m */ = {isa = PBXFileReference; lastKnownFileType = sourcecode.c.objc; path = main.m; sourceTree = "<group>"; };
		5FEFDC0B1D9CDC3D0012DCA1 /* AppDelegate.h */ = {isa = PBXFileReference; lastKnownFileType = sourcecode.c.h; path = AppDelegate.h; sourceTree = "<group>"; };
		5FEFDC0C1D9CDC3D0012DCA1 /* AppDelegate.m */ = {isa = PBXFileReference; lastKnownFileType = sourcecode.c.objc; path = AppDelegate.m; sourceTree = "<group>"; };
		5FEFDC0E1D9CDC3D0012DCA1 /* ViewController.h */ = {isa = PBXFileReference; lastKnownFileType = sourcecode.c.h; path = ViewController.h; sourceTree = "<group>"; };
		5FEFDC0F1D9CDC3D0012DCA1 /* ViewController.m */ = {isa = PBXFileReference; lastKnownFileType = sourcecode.c.objc; path = ViewController.m; sourceTree = "<group>"; };
		5FEFDC121D9CDC3D0012DCA1 /* Base */ = {isa = PBXFileReference; lastKnownFileType = file.storyboard; name = Base; path = Base.lproj/Main.storyboard; sourceTree = "<group>"; };
		5FEFDC141D9CDC3D0012DCA1 /* Assets.xcassets */ = {isa = PBXFileReference; lastKnownFileType = folder.assetcatalog; path = Assets.xcassets; sourceTree = "<group>"; };
		5FEFDC171D9CDC3D0012DCA1 /* Base */ = {isa = PBXFileReference; lastKnownFileType = file.storyboard; name = Base; path = Base.lproj/LaunchScreen.storyboard; sourceTree = "<group>"; };
		5FEFDC191D9CDC3D0012DCA1 /* Info.plist */ = {isa = PBXFileReference; lastKnownFileType = text.plist.xml; path = Info.plist; sourceTree = "<group>"; };
/* End PBXFileReference section */

/* Begin PBXFrameworksBuildPhase section */
		5FEFDC021D9CDC3D0012DCA1 /* Frameworks */ = {
			isa = PBXFrameworksBuildPhase;
			buildActionMask = 2147483647;
			files = (
			);
			runOnlyForDeploymentPostprocessing = 0;
		};
/* End PBXFrameworksBuildPhase section */

/* Begin PBXGroup section */
		5FEFDBFC1D9CDC3D0012DCA1 = {
			isa = PBXGroup;
			children = (
				5FEFDC071D9CDC3D0012DCA1 /* class0929_UITest */,
				5FEFDC061D9CDC3D0012DCA1 /* Products */,
			);
			sourceTree = "<group>";
		};
		5FEFDC061D9CDC3D0012DCA1 /* Products */ = {
			isa = PBXGroup;
			children = (
				5FEFDC051D9CDC3D0012DCA1 /* class0929_UITest.app */,
			);
			name = Products;
			sourceTree = "<group>";
		};
		5FEFDC071D9CDC3D0012DCA1 /* class0929_UITest */ = {
			isa = PBXGroup;
			children = (
				5FEFDC0B1D9CDC3D0012DCA1 /* AppDelegate.h */,
				5FEFDC0C1D9CDC3D0012DCA1 /* AppDelegate.m */,
				5FEFDC0E1D9CDC3D0012DCA1 /* ViewController.h */,
				5FEFDC0F1D9CDC3D0012DCA1 /* ViewController.m */,
				5FEFDC111D9CDC3D0012DCA1 /* Main.storyboard */,
				5FEFDC141D9CDC3D0012DCA1 /* Assets.xcassets */,
				5FEFDC161D9CDC3D0012DCA1 /* LaunchScreen.storyboard */,
				5FEFDC191D9CDC3D0012DCA1 /* Info.plist */,
				5FEFDC081D9CDC3D0012DCA1 /* Supporting Files */,
			);
			path = class0929_UITest;
			sourceTree = "<group>";
		};
		5FEFDC081D9CDC3D0012DCA1 /* Supporting Files */ = {
			isa = PBXGroup;
			children = (
				5FEFDC091D9CDC3D0012DCA1 /* main.m */,
			);
			name = "Supporting Files";
			sourceTree = "<group>";
		};
/* End PBXGroup section */

/* Begin PBXNativeTarget section */
		5FEFDC041D9CDC3D0012DCA1 /* class0929_UITest */ = {
			isa = PBXNativeTarget;
			buildConfigurationList = 5FEFDC1C1D9CDC3D0012DCA1 /* Build configuration list for PBXNativeTarget "class0929_UITest" */;
			buildPhases = (
				5FEFDC011D9CDC3D0012DCA1 /* Sources */,
				5FEFDC021D9CDC3D0012DCA1 /* Frameworks */,
				5FEFDC031D9CDC3D0012DCA1 /* Resources */,
			);
			buildRules = (
			);
			dependencies = (
			);
			name = class0929_UITest;
			productName = class0929_UITest;
			productReference = 5FEFDC051D9CDC3D0012DCA1 /* class0929_UITest.app */;
			productType = "com.apple.product-type.application";
		};
/* End PBXNativeTarget section */

/* Begin PBXProject section */
		5FEFDBFD1D9CDC3D0012DCA1 /* Project object */ = {
			isa = PBXProject;
			attributes = {
				LastUpgradeCheck = 0800;
				ORGANIZATIONNAME = chaving;
				TargetAttributes = {
					5FEFDC041D9CDC3D0012DCA1 = {
						CreatedOnToolsVersion = 8.0;
						ProvisioningStyle = Automatic;
					};
				};
			};
			buildConfigurationList = 5FEFDC001D9CDC3D0012DCA1 /* Build configuration list for PBXProject "class0929_UITest" */;
			compatibilityVersion = "Xcode 3.2";
			developmentRegion = English;
			hasScannedForEncodings = 0;
			knownRegions = (
				en,
				Base,
			);
			mainGroup = 5FEFDBFC1D9CDC3D0012DCA1;
			productRefGroup = 5FEFDC061D9CDC3D0012DCA1 /* Products */;
			projectDirPath = "";
			projectRoot = "";
			targets = (
				5FEFDC041D9CDC3D0012DCA1 /* class0929_UITest */,
			);
		};
/* End PBXProject section */

/* Begin PBXResourcesBuildPhase section */
		5FEFDC031D9CDC3D0012DCA1 /* Resources */ = {
			isa = PBXResourcesBuildPhase;
			buildActionMask = 2147483647;
			files = (
				5FEFDC181D9CDC3D0012DCA1 /* LaunchScreen.storyboard in Resources */,
				5FEFDC151D9CDC3D0012DCA1 /* Assets.xcassets in Resources */,
				5FEFDC131D9CDC3D0012DCA1 /* Main.storyboard in Resources */,
			);
			runOnlyForDeploymentPostprocessing = 0;
		};
/* End PBXResourcesBuildPhase section */

/* Begin PBXSourcesBuildPhase section */
		5FEFDC011D9CDC3D0012DCA1 /* Sources */ = {
			isa = PBXSourcesBuildPhase;
			buildActionMask = 2147483647;
			files = (
				5FEFDC101D9CDC3D0012DCA1 /* ViewController.m in Sources */,
				5FEFDC0D1D9CDC3D0012DCA1 /* AppDelegate.m in Sources */,
				5FEFDC0A1D9CDC3D0012DCA1 /* main.m in Sources */,
			);
			runOnlyForDeploymentPostprocessing = 0;
		};
/* End PBXSourcesBuildPhase section */

/* Begin PBXVariantGroup section */
		5FEFDC111D9CDC3D0012DCA1 /* Main.storyboard */ = {
			isa = PBXVariantGroup;
			children = (
				5FEFDC121D9CDC3D0012DCA1 /* Base */,
			);
			name = Main.storyboard;
			sourceTree = "<group>";
		};
		5FEFDC161D9CDC3D0012DCA1 /* LaunchScreen.storyboard */ = {
			isa = PBXVariantGroup;
			children = (
				5FEFDC171D9CDC3D0012DCA1 /* Base */,
			);
			name = LaunchScreen.storyboard;
			sourceTree = "<group>";
		};
/* End PBXVariantGroup section */

/* Begin XCBuildConfiguration section */
		5FEFDC1A1D9CDC3D0012DCA1 /* Debug */ = {
			isa = XCBuildConfiguration;
			buildSettings = {
				ALWAYS_SEARCH_USER_PATHS = NO;
				CLANG_ANALYZER_NONNULL = YES;
				CLANG_CXX_LANGUAGE_STANDARD = "gnu++0x";
				CLANG_CXX_LIBRARY = "libc++";
				CLANG_ENABLE_MODULES = YES;
				CLANG_ENABLE_OBJC_ARC = YES;
				CLANG_WARN_BOOL_CONVERSION = YES;
				CLANG_WARN_CONSTANT_CONVERSION = YES;
				CLANG_WARN_DIRECT_OBJC_ISA_USAGE = YES_ERROR;
				CLANG_WARN_DOCUMENTATION_COMMENTS = YES;
				CLANG_WARN_EMPTY_BODY = YES;
				CLANG_WARN_ENUM_CONVERSION = YES;
				CLANG_WARN_INFINITE_RECURSION = YES;
				CLANG_WARN_INT_CONVERSION = YES;
				CLANG_WARN_OBJC_ROOT_CLASS = YES_ERROR;
				CLANG_WARN_SUSPICIOUS_MOVES = YES;
				CLANG_WARN_UNREACHABLE_CODE = YES;
				CLANG_WARN__DUPLICATE_METHOD_MATCH = YES;
				"CODE_SIGN_IDENTITY[sdk=iphoneos*]" = "iPhone Developer";
				COPY_PHASE_STRIP = NO;
				DEBUG_INFORMATION_FORMAT = dwarf;
				ENABLE_STRICT_OBJC_MSGSEND = YES;
				ENABLE_TESTABILITY = YES;
				GCC_C_LANGUAGE_STANDARD = gnu99;
				GCC_DYNAMIC_NO_PIC = NO;
				GCC_NO_COMMON_BLOCKS = YES;
				GCC_OPTIMIZATION_LEVEL = 0;
				GCC_PREPROCESSOR_DEFINITIONS = (
					"DEBUG=1",
					"$(inherited)",
				);
				GCC_WARN_64_TO_32_BIT_CONVERSION = YES;
				GCC_WARN_ABOUT_RETURN_TYPE = YES_ERROR;
				GCC_WARN_UNDECLARED_SELECTOR = YES;
				GCC_WARN_UNINITIALIZED_AUTOS = YES_AGGRESSIVE;
				GCC_WARN_UNUSED_FUNCTION = YES;
				GCC_WARN_UNUSED_VARIABLE = YES;
				IPHONEOS_DEPLOYMENT_TARGET = 10.0;
				MTL_ENABLE_DEBUG_INFO = YES;
				ONLY_ACTIVE_ARCH = YES;
				SDKROOT = iphoneos;
				TARGETED_DEVICE_FAMILY = "1,2";
			};
			name = Debug;
		};
		5FEFDC1B1D9CDC3D0012DCA1 /* Release */ = {
			isa = XCBuildConfiguration;
			buildSettings = {
				ALWAYS_SEARCH_USER_PATHS = NO;
				CLANG_ANALYZER_NONNULL = YES;
				CLANG_CXX_LANGUAGE_STANDARD = "gnu++0x";
				CLANG_CXX_LIBRARY = "libc++";
				CLANG_ENABLE_MODULES = YES;
				CLANG_ENABLE_OBJC_ARC = YES;
				CLANG_WARN_BOOL_CONVERSION = YES;
				CLANG_WARN_CONSTANT_CONVERSION = YES;
				CLANG_WARN_DIRECT_OBJC_ISA_USAGE = YES_ERROR;
				CLANG_WARN_DOCUMENTATION_COMMENTS = YES;
				CLANG_WARN_EMPTY_BODY = YES;
				CLANG_WARN_ENUM_CONVERSION = YES;
				CLANG_WARN_INFINITE_RECURSION = YES;
				CLANG_WARN_INT_CONVERSION = YES;
				CLANG_WARN_OBJC_ROOT_CLASS = YES_ERROR;
				CLANG_WARN_SUSPICIOUS_MOVES = YES;
				CLANG_WARN_UNREACHABLE_CODE = YES;
				CLANG_WARN__DUPLICATE_METHOD_MATCH = YES;
				"CODE_SIGN_IDENTITY[sdk=iphoneos*]" = "iPhone Developer";
				COPY_PHASE_STRIP = NO;
				DEBUG_INFORMATION_FORMAT = "dwarf-with-dsym";
				ENABLE_NS_ASSERTIONS = NO;
				ENABLE_STRICT_OBJC_MSGSEND = YES;
				GCC_C_LANGUAGE_STANDARD = gnu99;
				GCC_NO_COMMON_BLOCKS = YES;
				GCC_WARN_64_TO_32_BIT_CONVERSION = YES;
				GCC_WARN_ABOUT_RETURN_TYPE = YES_ERROR;
				GCC_WARN_UNDECLARED_SELECTOR = YES;
				GCC_WARN_UNINITIALIZED_AUTOS = YES_AGGRESSIVE;
				GCC_WARN_UNUSED_FUNCTION = YES;
				GCC_WARN_UNUSED_VARIABLE = YES;
				IPHONEOS_DEPLOYMENT_TARGET = 10.0;
				MTL_ENABLE_DEBUG_INFO = NO;
				SDKROOT = iphoneos;
				TARGETED_DEVICE_FAMILY = "1,2";
				VALIDATE_PRODUCT = YES;
			};
			name = Release;
		};
		5FEFDC1D1D9CDC3D0012DCA1 /* Debug */ = {
			isa = XCBuildConfiguration;
			buildSettings = {
				ASSETCATALOG_COMPILER_APPICON_NAME = AppIcon;
				INFOPLIST_FILE = class0929_UITest/Info.plist;
				LD_RUNPATH_SEARCH_PATHS = "$(inherited) @executable_path/Frameworks";
				PRODUCT_BUNDLE_IDENTIFIER = "com.test.class0929-UITest";
				PRODUCT_NAME = "$(TARGET_NAME)";
			};
			name = Debug;
		};
		5FEFDC1E1D9CDC3D0012DCA1 /* Release */ = {
			isa = XCBuildConfiguration;
			buildSettings = {
				ASSETCATALOG_COMPILER_APPICON_NAME = AppIcon;
				INFOPLIST_FILE = class0929_UITest/Info.plist;
				LD_RUNPATH_SEARCH_PATHS = "$(inherited) @executable_path/Frameworks";
				PRODUCT_BUNDLE_IDENTIFIER = "com.test.class0929-UITest";
				PRODUCT_NAME = "$(TARGET_NAME)";
			};
			name = Release;
		};
/* End XCBuildConfiguration section */

/* Begin XCConfigurationList section */
		5FEFDC001D9CDC3D0012DCA1 /* Build configuration list for PBXProject "class0929_UITest" */ = {
			isa = XCConfigurationList;
			buildConfigurations = (
				5FEFDC1A1D9CDC3D0012DCA1 /* Debug */,
				5FEFDC1B1D9CDC3D0012DCA1 /* Release */,
			);
			defaultConfigurationIsVisible = 0;
			defaultConfigurationName = Release;
		};
		5FEFDC1C1D9CDC3D0012DCA1 /* Build configuration list for PBXNativeTarget "class0929_UITest" */ = {
			isa = XCConfigurationList;
			buildConfigurations = (
				5FEFDC1D1D9CDC3D0012DCA1 /* Debug */,
				5FEFDC1E1D9CDC3D0012DCA1 /* Release */,
			);
			defaultConfigurationIsVisible = 0;
		};
/* End XCConfigurationList section */
	};
	rootObject = 5FEFDBFD1D9CDC3D0012DCA1 /* Project object */;
}
