// !$*UTF8*$!
{
	archiveVersion = 1;
	classes = {
	};
	objectVersion = 46;
	objects = {

/* Begin PBXBuildFile section */
		5F37A2E71DC988FD007BF328 /* DataCenter.m in Sources */ = {isa = PBXBuildFile; fileRef = 5F37A2E61DC988FD007BF328 /* DataCenter.m */; };
		5F37A2EA1DC98BFB007BF328 /* MainViewController.m in Sources */ = {isa = PBXBuildFile; fileRef = 5F37A2E91DC98BFB007BF328 /* MainViewController.m */; };
		5F98BDA01DC97EE600FFFCDC /* main.m in Sources */ = {isa = PBXBuildFile; fileRef = 5F98BD9F1DC97EE600FFFCDC /* main.m */; };
		5F98BDA31DC97EE600FFFCDC /* AppDelegate.m in Sources */ = {isa = PBXBuildFile; fileRef = 5F98BDA21DC97EE600FFFCDC /* AppDelegate.m */; };
		5F98BDA61DC97EE600FFFCDC /* ViewController.m in Sources */ = {isa = PBXBuildFile; fileRef = 5F98BDA51DC97EE600FFFCDC /* ViewController.m */; };
		5F98BDA91DC97EE600FFFCDC /* Main.storyboard in Resources */ = {isa = PBXBuildFile; fileRef = 5F98BDA71DC97EE600FFFCDC /* Main.storyboard */; };
		5F98BDAB1DC97EE600FFFCDC /* Assets.xcassets in Resources */ = {isa = PBXBuildFile; fileRef = 5F98BDAA1DC97EE600FFFCDC /* Assets.xcassets */; };
		5F98BDAE1DC97EE600FFFCDC /* LaunchScreen.storyboard in Resources */ = {isa = PBXBuildFile; fileRef = 5F98BDAC1DC97EE600FFFCDC /* LaunchScreen.storyboard */; };
		5F98BDBB1DC9818100FFFCDC /* JoinViewController.m in Sources */ = {isa = PBXBuildFile; fileRef = 5F98BDBA1DC9818100FFFCDC /* JoinViewController.m */; };
		5FE7F2551DCB073900170BCC /* PlistTest.plist in Resources */ = {isa = PBXBuildFile; fileRef = 5FE7F2541DCB073900170BCC /* PlistTest.plist */; };
/* End PBXBuildFile section */

/* Begin PBXFileReference section */
		5F37A2E51DC988FD007BF328 /* DataCenter.h */ = {isa = PBXFileReference; fileEncoding = 4; lastKnownFileType = sourcecode.c.h; path = DataCenter.h; sourceTree = "<group>"; };
		5F37A2E61DC988FD007BF328 /* DataCenter.m */ = {isa = PBXFileReference; fileEncoding = 4; lastKnownFileType = sourcecode.c.objc; path = DataCenter.m; sourceTree = "<group>"; };
		5F37A2E81DC98BFB007BF328 /* MainViewController.h */ = {isa = PBXFileReference; fileEncoding = 4; lastKnownFileType = sourcecode.c.h; path = MainViewController.h; sourceTree = "<group>"; };
		5F37A2E91DC98BFB007BF328 /* MainViewController.m */ = {isa = PBXFileReference; fileEncoding = 4; lastKnownFileType = sourcecode.c.objc; path = MainViewController.m; sourceTree = "<group>"; };
		5F98BD9B1DC97EE600FFFCDC /* Class1102_LoginProject.app */ = {isa = PBXFileReference; explicitFileType = wrapper.application; includeInIndex = 0; path = Class1102_LoginProject.app; sourceTree = BUILT_PRODUCTS_DIR; };
		5F98BD9F1DC97EE600FFFCDC /* main.m */ = {isa = PBXFileReference; lastKnownFileType = sourcecode.c.objc; path = main.m; sourceTree = "<group>"; };
		5F98BDA11DC97EE600FFFCDC /* AppDelegate.h */ = {isa = PBXFileReference; lastKnownFileType = sourcecode.c.h; path = AppDelegate.h; sourceTree = "<group>"; };
		5F98BDA21DC97EE600FFFCDC /* AppDelegate.m */ = {isa = PBXFileReference; lastKnownFileType = sourcecode.c.objc; path = AppDelegate.m; sourceTree = "<group>"; };
		5F98BDA41DC97EE600FFFCDC /* ViewController.h */ = {isa = PBXFileReference; lastKnownFileType = sourcecode.c.h; path = ViewController.h; sourceTree = "<group>"; };
		5F98BDA51DC97EE600FFFCDC /* ViewController.m */ = {isa = PBXFileReference; lastKnownFileType = sourcecode.c.objc; path = ViewController.m; sourceTree = "<group>"; };
		5F98BDA81DC97EE600FFFCDC /* Base */ = {isa = PBXFileReference; lastKnownFileType = file.storyboard; name = Base; path = Base.lproj/Main.storyboard; sourceTree = "<group>"; };
		5F98BDAA1DC97EE600FFFCDC /* Assets.xcassets */ = {isa = PBXFileReference; lastKnownFileType = folder.assetcatalog; path = Assets.xcassets; sourceTree = "<group>"; };
		5F98BDAD1DC97EE600FFFCDC /* Base */ = {isa = PBXFileReference; lastKnownFileType = file.storyboard; name = Base; path = Base.lproj/LaunchScreen.storyboard; sourceTree = "<group>"; };
		5F98BDAF1DC97EE600FFFCDC /* Info.plist */ = {isa = PBXFileReference; lastKnownFileType = text.plist.xml; path = Info.plist; sourceTree = "<group>"; };
		5F98BDB51DC97EFF00FFFCDC /* PrefixHeader.pch */ = {isa = PBXFileReference; lastKnownFileType = sourcecode.c.h; path = PrefixHeader.pch; sourceTree = "<group>"; };
		5F98BDB91DC9818100FFFCDC /* JoinViewController.h */ = {isa = PBXFileReference; fileEncoding = 4; lastKnownFileType = sourcecode.c.h; path = JoinViewController.h; sourceTree = "<group>"; };
		5F98BDBA1DC9818100FFFCDC /* JoinViewController.m */ = {isa = PBXFileReference; fileEncoding = 4; lastKnownFileType = sourcecode.c.objc; path = JoinViewController.m; sourceTree = "<group>"; };
		5FE7F2541DCB073900170BCC /* PlistTest.plist */ = {isa = PBXFileReference; fileEncoding = 4; lastKnownFileType = text.plist.xml; path = PlistTest.plist; sourceTree = "<group>"; };
/* End PBXFileReference section */

/* Begin PBXFrameworksBuildPhase section */
		5F98BD981DC97EE500FFFCDC /* Frameworks */ = {
			isa = PBXFrameworksBuildPhase;
			buildActionMask = 2147483647;
			files = (
			);
			runOnlyForDeploymentPostprocessing = 0;
		};
/* End PBXFrameworksBuildPhase section */

/* Begin PBXGroup section */
		5F98BD921DC97EE500FFFCDC = {
			isa = PBXGroup;
			children = (
				5F98BD9D1DC97EE600FFFCDC /* Class1102_LoginProject */,
				5F98BD9C1DC97EE600FFFCDC /* Products */,
			);
			sourceTree = "<group>";
		};
		5F98BD9C1DC97EE600FFFCDC /* Products */ = {
			isa = PBXGroup;
			children = (
				5F98BD9B1DC97EE600FFFCDC /* Class1102_LoginProject.app */,
			);
			name = Products;
			sourceTree = "<group>";
		};
		5F98BD9D1DC97EE600FFFCDC /* Class1102_LoginProject */ = {
			isa = PBXGroup;
			children = (
				5F98BDA11DC97EE600FFFCDC /* AppDelegate.h */,
				5F98BDA21DC97EE600FFFCDC /* AppDelegate.m */,
				5F98BDA71DC97EE600FFFCDC /* Main.storyboard */,
				5F98BDA41DC97EE600FFFCDC /* ViewController.h */,
				5F98BDA51DC97EE600FFFCDC /* ViewController.m */,
				5F98BDB91DC9818100FFFCDC /* JoinViewController.h */,
				5F98BDBA1DC9818100FFFCDC /* JoinViewController.m */,
				5F37A2E81DC98BFB007BF328 /* MainViewController.h */,
				5F37A2E91DC98BFB007BF328 /* MainViewController.m */,
				5F37A2E51DC988FD007BF328 /* DataCenter.h */,
				5F37A2E61DC988FD007BF328 /* DataCenter.m */,
				5FE7F2541DCB073900170BCC /* PlistTest.plist */,
				5F98BDAA1DC97EE600FFFCDC /* Assets.xcassets */,
				5F98BDAC1DC97EE600FFFCDC /* LaunchScreen.storyboard */,
				5F98BDAF1DC97EE600FFFCDC /* Info.plist */,
				5F98BDB51DC97EFF00FFFCDC /* PrefixHeader.pch */,
				5F98BD9E1DC97EE600FFFCDC /* Supporting Files */,
			);
			path = Class1102_LoginProject;
			sourceTree = "<group>";
		};
		5F98BD9E1DC97EE600FFFCDC /* Supporting Files */ = {
			isa = PBXGroup;
			children = (
				5F98BD9F1DC97EE600FFFCDC /* main.m */,
			);
			name = "Supporting Files";
			sourceTree = "<group>";
		};
/* End PBXGroup section */

/* Begin PBXNativeTarget section */
		5F98BD9A1DC97EE500FFFCDC /* Class1102_LoginProject */ = {
			isa = PBXNativeTarget;
			buildConfigurationList = 5F98BDB21DC97EE600FFFCDC /* Build configuration list for PBXNativeTarget "Class1102_LoginProject" */;
			buildPhases = (
				5F98BD971DC97EE500FFFCDC /* Sources */,
				5F98BD981DC97EE500FFFCDC /* Frameworks */,
				5F98BD991DC97EE500FFFCDC /* Resources */,
			);
			buildRules = (
			);
			dependencies = (
			);
			name = Class1102_LoginProject;
			productName = Class1102_LoginProject;
			productReference = 5F98BD9B1DC97EE600FFFCDC /* Class1102_LoginProject.app */;
			productType = "com.apple.product-type.application";
		};
/* End PBXNativeTarget section */

/* Begin PBXProject section */
		5F98BD931DC97EE500FFFCDC /* Project object */ = {
			isa = PBXProject;
			attributes = {
				LastUpgradeCheck = 0810;
				ORGANIZATIONNAME = chaving;
				TargetAttributes = {
					5F98BD9A1DC97EE500FFFCDC = {
						CreatedOnToolsVersion = 8.1;
						ProvisioningStyle = Automatic;
					};
				};
			};
			buildConfigurationList = 5F98BD961DC97EE500FFFCDC /* Build configuration list for PBXProject "Class1102_LoginProject" */;
			compatibilityVersion = "Xcode 3.2";
			developmentRegion = English;
			hasScannedForEncodings = 0;
			knownRegions = (
				en,
				Base,
			);
			mainGroup = 5F98BD921DC97EE500FFFCDC;
			productRefGroup = 5F98BD9C1DC97EE600FFFCDC /* Products */;
			projectDirPath = "";
			projectRoot = "";
			targets = (
				5F98BD9A1DC97EE500FFFCDC /* Class1102_LoginProject */,
			);
		};
/* End PBXProject section */

/* Begin PBXResourcesBuildPhase section */
		5F98BD991DC97EE500FFFCDC /* Resources */ = {
			isa = PBXResourcesBuildPhase;
			buildActionMask = 2147483647;
			files = (
				5F98BDAE1DC97EE600FFFCDC /* LaunchScreen.storyboard in Resources */,
				5FE7F2551DCB073900170BCC /* PlistTest.plist in Resources */,
				5F98BDAB1DC97EE600FFFCDC /* Assets.xcassets in Resources */,
				5F98BDA91DC97EE600FFFCDC /* Main.storyboard in Resources */,
			);
			runOnlyForDeploymentPostprocessing = 0;
		};
/* End PBXResourcesBuildPhase section */

/* Begin PBXSourcesBuildPhase section */
		5F98BD971DC97EE500FFFCDC /* Sources */ = {
			isa = PBXSourcesBuildPhase;
			buildActionMask = 2147483647;
			files = (
				5F98BDA61DC97EE600FFFCDC /* ViewController.m in Sources */,
				5F37A2EA1DC98BFB007BF328 /* MainViewController.m in Sources */,
				5F37A2E71DC988FD007BF328 /* DataCenter.m in Sources */,
				5F98BDA31DC97EE600FFFCDC /* AppDelegate.m in Sources */,
				5F98BDBB1DC9818100FFFCDC /* JoinViewController.m in Sources */,
				5F98BDA01DC97EE600FFFCDC /* main.m in Sources */,
			);
			runOnlyForDeploymentPostprocessing = 0;
		};
/* End PBXSourcesBuildPhase section */

/* Begin PBXVariantGroup section */
		5F98BDA71DC97EE600FFFCDC /* Main.storyboard */ = {
			isa = PBXVariantGroup;
			children = (
				5F98BDA81DC97EE600FFFCDC /* Base */,
			);
			name = Main.storyboard;
			sourceTree = "<group>";
		};
		5F98BDAC1DC97EE600FFFCDC /* LaunchScreen.storyboard */ = {
			isa = PBXVariantGroup;
			children = (
				5F98BDAD1DC97EE600FFFCDC /* Base */,
			);
			name = LaunchScreen.storyboard;
			sourceTree = "<group>";
		};
/* End PBXVariantGroup section */

/* Begin XCBuildConfiguration section */
		5F98BDB01DC97EE600FFFCDC /* Debug */ = {
			isa = XCBuildConfiguration;
			buildSettings = {
				ALWAYS_SEARCH_USER_PATHS = NO;
				CLANG_ANALYZER_NONNULL = YES;
				CLANG_CXX_LANGUAGE_STANDARD = "gnu++0x";
				CLANG_CXX_LIBRARY = "libc++";
				CLANG_ENABLE_MODULES = YES;
				CLANG_ENABLE_OBJC_ARC = YES;
				CLANG_WARN_BOOL_CONVERSION = YES;
				CLANG_WARN_CONSTANT_CONVERSION = YES;
				CLANG_WARN_DIRECT_OBJC_ISA_USAGE = YES_ERROR;
				CLANG_WARN_DOCUMENTATION_COMMENTS = YES;
				CLANG_WARN_EMPTY_BODY = YES;
				CLANG_WARN_ENUM_CONVERSION = YES;
				CLANG_WARN_INFINITE_RECURSION = YES;
				CLANG_WARN_INT_CONVERSION = YES;
				CLANG_WARN_OBJC_ROOT_CLASS = YES_ERROR;
				CLANG_WARN_SUSPICIOUS_MOVES = YES;
				CLANG_WARN_UNREACHABLE_CODE = YES;
				CLANG_WARN__DUPLICATE_METHOD_MATCH = YES;
				"CODE_SIGN_IDENTITY[sdk=iphoneos*]" = "iPhone Developer";
				COPY_PHASE_STRIP = NO;
				DEBUG_INFORMATION_FORMAT = dwarf;
				ENABLE_STRICT_OBJC_MSGSEND = YES;
				ENABLE_TESTABILITY = YES;
				GCC_C_LANGUAGE_STANDARD = gnu99;
				GCC_DYNAMIC_NO_PIC = NO;
				GCC_NO_COMMON_BLOCKS = YES;
				GCC_OPTIMIZATION_LEVEL = 0;
				GCC_PREPROCESSOR_DEFINITIONS = (
					"DEBUG=1",
					"$(inherited)",
				);
				GCC_WARN_64_TO_32_BIT_CONVERSION = YES;
				GCC_WARN_ABOUT_RETURN_TYPE = YES_ERROR;
				GCC_WARN_UNDECLARED_SELECTOR = YES;
				GCC_WARN_UNINITIALIZED_AUTOS = YES_AGGRESSIVE;
				GCC_WARN_UNUSED_FUNCTION = YES;
				GCC_WARN_UNUSED_VARIABLE = YES;
				IPHONEOS_DEPLOYMENT_TARGET = 10.1;
				MTL_ENABLE_DEBUG_INFO = YES;
				ONLY_ACTIVE_ARCH = YES;
				SDKROOT = iphoneos;
				TARGETED_DEVICE_FAMILY = "1,2";
			};
			name = Debug;
		};
		5F98BDB11DC97EE600FFFCDC /* Release */ = {
			isa = XCBuildConfiguration;
			buildSettings = {
				ALWAYS_SEARCH_USER_PATHS = NO;
				CLANG_ANALYZER_NONNULL = YES;
				CLANG_CXX_LANGUAGE_STANDARD = "gnu++0x";
				CLANG_CXX_LIBRARY = "libc++";
				CLANG_ENABLE_MODULES = YES;
				CLANG_ENABLE_OBJC_ARC = YES;
				CLANG_WARN_BOOL_CONVERSION = YES;
				CLANG_WARN_CONSTANT_CONVERSION = YES;
				CLANG_WARN_DIRECT_OBJC_ISA_USAGE = YES_ERROR;
				CLANG_WARN_DOCUMENTATION_COMMENTS = YES;
				CLANG_WARN_EMPTY_BODY = YES;
				CLANG_WARN_ENUM_CONVERSION = YES;
				CLANG_WARN_INFINITE_RECURSION = YES;
				CLANG_WARN_INT_CONVERSION = YES;
				CLANG_WARN_OBJC_ROOT_CLASS = YES_ERROR;
				CLANG_WARN_SUSPICIOUS_MOVES = YES;
				CLANG_WARN_UNREACHABLE_CODE = YES;
				CLANG_WARN__DUPLICATE_METHOD_MATCH = YES;
				"CODE_SIGN_IDENTITY[sdk=iphoneos*]" = "iPhone Developer";
				COPY_PHASE_STRIP = NO;
				DEBUG_INFORMATION_FORMAT = "dwarf-with-dsym";
				ENABLE_NS_ASSERTIONS = NO;
				ENABLE_STRICT_OBJC_MSGSEND = YES;
				GCC_C_LANGUAGE_STANDARD = gnu99;
				GCC_NO_COMMON_BLOCKS = YES;
				GCC_WARN_64_TO_32_BIT_CONVERSION = YES;
				GCC_WARN_ABOUT_RETURN_TYPE = YES_ERROR;
				GCC_WARN_UNDECLARED_SELECTOR = YES;
				GCC_WARN_UNINITIALIZED_AUTOS = YES_AGGRESSIVE;
				GCC_WARN_UNUSED_FUNCTION = YES;
				GCC_WARN_UNUSED_VARIABLE = YES;
				IPHONEOS_DEPLOYMENT_TARGET = 10.1;
				MTL_ENABLE_DEBUG_INFO = NO;
				SDKROOT = iphoneos;
				TARGETED_DEVICE_FAMILY = "1,2";
				VALIDATE_PRODUCT = YES;
			};
			name = Release;
		};
		5F98BDB31DC97EE600FFFCDC /* Debug */ = {
			isa = XCBuildConfiguration;
			buildSettings = {
				ASSETCATALOG_COMPILER_APPICON_NAME = AppIcon;
				GCC_PRECOMPILE_PREFIX_HEADER = YES;
				GCC_PREFIX_HEADER = "$(SRCROOT)/$(PRODUCT_NAME)/PrefixHeader.pch";
				INFOPLIST_FILE = Class1102_LoginProject/Info.plist;
				LD_RUNPATH_SEARCH_PATHS = "$(inherited) @executable_path/Frameworks";
				PRODUCT_BUNDLE_IDENTIFIER = "com.test.Class1102-LoginProject";
				PRODUCT_NAME = "$(TARGET_NAME)";
			};
			name = Debug;
		};
		5F98BDB41DC97EE600FFFCDC /* Release */ = {
			isa = XCBuildConfiguration;
			buildSettings = {
				ASSETCATALOG_COMPILER_APPICON_NAME = AppIcon;
				GCC_PRECOMPILE_PREFIX_HEADER = YES;
				GCC_PREFIX_HEADER = "$(SRCROOT)/$(PRODUCT_NAME)/PrefixHeader.pch";
				INFOPLIST_FILE = Class1102_LoginProject/Info.plist;
				LD_RUNPATH_SEARCH_PATHS = "$(inherited) @executable_path/Frameworks";
				PRODUCT_BUNDLE_IDENTIFIER = "com.test.Class1102-LoginProject";
				PRODUCT_NAME = "$(TARGET_NAME)";
			};
			name = Release;
		};
/* End XCBuildConfiguration section */

/* Begin XCConfigurationList section */
		5F98BD961DC97EE500FFFCDC /* Build configuration list for PBXProject "Class1102_LoginProject" */ = {
			isa = XCConfigurationList;
			buildConfigurations = (
				5F98BDB01DC97EE600FFFCDC /* Debug */,
				5F98BDB11DC97EE600FFFCDC /* Release */,
			);
			defaultConfigurationIsVisible = 0;
			defaultConfigurationName = Release;
		};
		5F98BDB21DC97EE600FFFCDC /* Build configuration list for PBXNativeTarget "Class1102_LoginProject" */ = {
			isa = XCConfigurationList;
			buildConfigurations = (
				5F98BDB31DC97EE600FFFCDC /* Debug */,
				5F98BDB41DC97EE600FFFCDC /* Release */,
			);
			defaultConfigurationIsVisible = 0;
			defaultConfigurationName = Release;
		};
/* End XCConfigurationList section */
	};
	rootObject = 5F98BD931DC97EE500FFFCDC /* Project object */;
}
