// !$*UTF8*$!
{
	archiveVersion = 1;
	classes = {
	};
	objectVersion = 46;
	objects = {

/* Begin PBXBuildFile section */
		5FD97C361DD16F6A00CC96DD /* main.m in Sources */ = {isa = PBXBuildFile; fileRef = 5FD97C351DD16F6A00CC96DD /* main.m */; };
		5FD97C3E1DD16FA200CC96DD /* Musician.m in Sources */ = {isa = PBXBuildFile; fileRef = 5FD97C3D1DD16FA200CC96DD /* Musician.m */; };
		5FD97C541DD1A2AA00CC96DD /* BroadcatStation.m in Sources */ = {isa = PBXBuildFile; fileRef = 5FD97C531DD1A2AA00CC96DD /* BroadcatStation.m */; };
/* End PBXBuildFile section */

/* Begin PBXCopyFilesBuildPhase section */
		5FD97C301DD16F6A00CC96DD /* CopyFiles */ = {
			isa = PBXCopyFilesBuildPhase;
			buildActionMask = 2147483647;
			dstPath = /usr/share/man/man1/;
			dstSubfolderSpec = 0;
			files = (
			);
			runOnlyForDeploymentPostprocessing = 1;
		};
/* End PBXCopyFilesBuildPhase section */

/* Begin PBXFileReference section */
		5FD97C321DD16F6A00CC96DD /* Class1108_PropertyAttributes */ = {isa = PBXFileReference; explicitFileType = "compiled.mach-o.executable"; includeInIndex = 0; path = Class1108_PropertyAttributes; sourceTree = BUILT_PRODUCTS_DIR; };
		5FD97C351DD16F6A00CC96DD /* main.m */ = {isa = PBXFileReference; lastKnownFileType = sourcecode.c.objc; path = main.m; sourceTree = "<group>"; };
		5FD97C3C1DD16FA200CC96DD /* Musician.h */ = {isa = PBXFileReference; fileEncoding = 4; lastKnownFileType = sourcecode.c.h; path = Musician.h; sourceTree = "<group>"; };
		5FD97C3D1DD16FA200CC96DD /* Musician.m */ = {isa = PBXFileReference; fileEncoding = 4; lastKnownFileType = sourcecode.c.objc; path = Musician.m; sourceTree = "<group>"; };
		5FD97C521DD1A2AA00CC96DD /* BroadcatStation.h */ = {isa = PBXFileReference; fileEncoding = 4; lastKnownFileType = sourcecode.c.h; path = BroadcatStation.h; sourceTree = "<group>"; };
		5FD97C531DD1A2AA00CC96DD /* BroadcatStation.m */ = {isa = PBXFileReference; fileEncoding = 4; lastKnownFileType = sourcecode.c.objc; path = BroadcatStation.m; sourceTree = "<group>"; };
/* End PBXFileReference section */

/* Begin PBXFrameworksBuildPhase section */
		5FD97C2F1DD16F6A00CC96DD /* Frameworks */ = {
			isa = PBXFrameworksBuildPhase;
			buildActionMask = 2147483647;
			files = (
			);
			runOnlyForDeploymentPostprocessing = 0;
		};
/* End PBXFrameworksBuildPhase section */

/* Begin PBXGroup section */
		5FD97C291DD16F6A00CC96DD = {
			isa = PBXGroup;
			children = (
				5FD97C341DD16F6A00CC96DD /* Class1108_PropertyAttributes */,
				5FD97C331DD16F6A00CC96DD /* Products */,
			);
			sourceTree = "<group>";
		};
		5FD97C331DD16F6A00CC96DD /* Products */ = {
			isa = PBXGroup;
			children = (
				5FD97C321DD16F6A00CC96DD /* Class1108_PropertyAttributes */,
			);
			name = Products;
			sourceTree = "<group>";
		};
		5FD97C341DD16F6A00CC96DD /* Class1108_PropertyAttributes */ = {
			isa = PBXGroup;
			children = (
				5FD97C351DD16F6A00CC96DD /* main.m */,
				5FD97C3C1DD16FA200CC96DD /* Musician.h */,
				5FD97C3D1DD16FA200CC96DD /* Musician.m */,
				5FD97C521DD1A2AA00CC96DD /* BroadcatStation.h */,
				5FD97C531DD1A2AA00CC96DD /* BroadcatStation.m */,
			);
			path = Class1108_PropertyAttributes;
			sourceTree = "<group>";
		};
/* End PBXGroup section */

/* Begin PBXNativeTarget section */
		5FD97C311DD16F6A00CC96DD /* Class1108_PropertyAttributes */ = {
			isa = PBXNativeTarget;
			buildConfigurationList = 5FD97C391DD16F6A00CC96DD /* Build configuration list for PBXNativeTarget "Class1108_PropertyAttributes" */;
			buildPhases = (
				5FD97C2E1DD16F6A00CC96DD /* Sources */,
				5FD97C2F1DD16F6A00CC96DD /* Frameworks */,
				5FD97C301DD16F6A00CC96DD /* CopyFiles */,
			);
			buildRules = (
			);
			dependencies = (
			);
			name = Class1108_PropertyAttributes;
			productName = Class1108_PropertyAttributes;
			productReference = 5FD97C321DD16F6A00CC96DD /* Class1108_PropertyAttributes */;
			productType = "com.apple.product-type.tool";
		};
/* End PBXNativeTarget section */

/* Begin PBXProject section */
		5FD97C2A1DD16F6A00CC96DD /* Project object */ = {
			isa = PBXProject;
			attributes = {
				LastUpgradeCheck = 0810;
				ORGANIZATIONNAME = chaving;
				TargetAttributes = {
					5FD97C311DD16F6A00CC96DD = {
						CreatedOnToolsVersion = 8.1;
						ProvisioningStyle = Automatic;
					};
				};
			};
			buildConfigurationList = 5FD97C2D1DD16F6A00CC96DD /* Build configuration list for PBXProject "Class1108_PropertyAttributes" */;
			compatibilityVersion = "Xcode 3.2";
			developmentRegion = English;
			hasScannedForEncodings = 0;
			knownRegions = (
				en,
			);
			mainGroup = 5FD97C291DD16F6A00CC96DD;
			productRefGroup = 5FD97C331DD16F6A00CC96DD /* Products */;
			projectDirPath = "";
			projectRoot = "";
			targets = (
				5FD97C311DD16F6A00CC96DD /* Class1108_PropertyAttributes */,
			);
		};
/* End PBXProject section */

/* Begin PBXSourcesBuildPhase section */
		5FD97C2E1DD16F6A00CC96DD /* Sources */ = {
			isa = PBXSourcesBuildPhase;
			buildActionMask = 2147483647;
			files = (
				5FD97C541DD1A2AA00CC96DD /* BroadcatStation.m in Sources */,
				5FD97C3E1DD16FA200CC96DD /* Musician.m in Sources */,
				5FD97C361DD16F6A00CC96DD /* main.m in Sources */,
			);
			runOnlyForDeploymentPostprocessing = 0;
		};
/* End PBXSourcesBuildPhase section */

/* Begin XCBuildConfiguration section */
		5FD97C371DD16F6A00CC96DD /* Debug */ = {
			isa = XCBuildConfiguration;
			buildSettings = {
				ALWAYS_SEARCH_USER_PATHS = NO;
				CLANG_ANALYZER_NONNULL = YES;
				CLANG_CXX_LANGUAGE_STANDARD = "gnu++0x";
				CLANG_CXX_LIBRARY = "libc++";
				CLANG_ENABLE_MODULES = YES;
				CLANG_ENABLE_OBJC_ARC = YES;
				CLANG_WARN_BOOL_CONVERSION = YES;
				CLANG_WARN_CONSTANT_CONVERSION = YES;
				CLANG_WARN_DIRECT_OBJC_ISA_USAGE = YES_ERROR;
				CLANG_WARN_DOCUMENTATION_COMMENTS = YES;
				CLANG_WARN_EMPTY_BODY = YES;
				CLANG_WARN_ENUM_CONVERSION = YES;
				CLANG_WARN_INFINITE_RECURSION = YES;
				CLANG_WARN_INT_CONVERSION = YES;
				CLANG_WARN_OBJC_ROOT_CLASS = YES_ERROR;
				CLANG_WARN_SUSPICIOUS_MOVES = YES;
				CLANG_WARN_UNREACHABLE_CODE = YES;
				CLANG_WARN__DUPLICATE_METHOD_MATCH = YES;
				CODE_SIGN_IDENTITY = "-";
				COPY_PHASE_STRIP = NO;
				DEBUG_INFORMATION_FORMAT = dwarf;
				ENABLE_STRICT_OBJC_MSGSEND = YES;
				ENABLE_TESTABILITY = YES;
				GCC_C_LANGUAGE_STANDARD = gnu99;
				GCC_DYNAMIC_NO_PIC = NO;
				GCC_NO_COMMON_BLOCKS = YES;
				GCC_OPTIMIZATION_LEVEL = 0;
				GCC_PREPROCESSOR_DEFINITIONS = (
					"DEBUG=1",
					"$(inherited)",
				);
				GCC_WARN_64_TO_32_BIT_CONVERSION = YES;
				GCC_WARN_ABOUT_RETURN_TYPE = YES_ERROR;
				GCC_WARN_UNDECLARED_SELECTOR = YES;
				GCC_WARN_UNINITIALIZED_AUTOS = YES_AGGRESSIVE;
				GCC_WARN_UNUSED_FUNCTION = YES;
				GCC_WARN_UNUSED_VARIABLE = YES;
				MACOSX_DEPLOYMENT_TARGET = 10.12;
				MTL_ENABLE_DEBUG_INFO = YES;
				ONLY_ACTIVE_ARCH = YES;
				SDKROOT = macosx;
			};
			name = Debug;
		};
		5FD97C381DD16F6A00CC96DD /* Release */ = {
			isa = XCBuildConfiguration;
			buildSettings = {
				ALWAYS_SEARCH_USER_PATHS = NO;
				CLANG_ANALYZER_NONNULL = YES;
				CLANG_CXX_LANGUAGE_STANDARD = "gnu++0x";
				CLANG_CXX_LIBRARY = "libc++";
				CLANG_ENABLE_MODULES = YES;
				CLANG_ENABLE_OBJC_ARC = YES;
				CLANG_WARN_BOOL_CONVERSION = YES;
				CLANG_WARN_CONSTANT_CONVERSION = YES;
				CLANG_WARN_DIRECT_OBJC_ISA_USAGE = YES_ERROR;
				CLANG_WARN_DOCUMENTATION_COMMENTS = YES;
				CLANG_WARN_EMPTY_BODY = YES;
				CLANG_WARN_ENUM_CONVERSION = YES;
				CLANG_WARN_INFINITE_RECURSION = YES;
				CLANG_WARN_INT_CONVERSION = YES;
				CLANG_WARN_OBJC_ROOT_CLASS = YES_ERROR;
				CLANG_WARN_SUSPICIOUS_MOVES = YES;
				CLANG_WARN_UNREACHABLE_CODE = YES;
				CLANG_WARN__DUPLICATE_METHOD_MATCH = YES;
				CODE_SIGN_IDENTITY = "-";
				COPY_PHASE_STRIP = NO;
				DEBUG_INFORMATION_FORMAT = "dwarf-with-dsym";
				ENABLE_NS_ASSERTIONS = NO;
				ENABLE_STRICT_OBJC_MSGSEND = YES;
				GCC_C_LANGUAGE_STANDARD = gnu99;
				GCC_NO_COMMON_BLOCKS = YES;
				GCC_WARN_64_TO_32_BIT_CONVERSION = YES;
				GCC_WARN_ABOUT_RETURN_TYPE = YES_ERROR;
				GCC_WARN_UNDECLARED_SELECTOR = YES;
				GCC_WARN_UNINITIALIZED_AUTOS = YES_AGGRESSIVE;
				GCC_WARN_UNUSED_FUNCTION = YES;
				GCC_WARN_UNUSED_VARIABLE = YES;
				MACOSX_DEPLOYMENT_TARGET = 10.12;
				MTL_ENABLE_DEBUG_INFO = NO;
				SDKROOT = macosx;
			};
			name = Release;
		};
		5FD97C3A1DD16F6A00CC96DD /* Debug */ = {
			isa = XCBuildConfiguration;
			buildSettings = {
				CLANG_ENABLE_OBJC_ARC = YES;
				PRODUCT_NAME = "$(TARGET_NAME)";
			};
			name = Debug;
		};
		5FD97C3B1DD16F6A00CC96DD /* Release */ = {
			isa = XCBuildConfiguration;
			buildSettings = {
				CLANG_ENABLE_OBJC_ARC = YES;
				PRODUCT_NAME = "$(TARGET_NAME)";
			};
			name = Release;
		};
/* End XCBuildConfiguration section */

/* Begin XCConfigurationList section */
		5FD97C2D1DD16F6A00CC96DD /* Build configuration list for PBXProject "Class1108_PropertyAttributes" */ = {
			isa = XCConfigurationList;
			buildConfigurations = (
				5FD97C371DD16F6A00CC96DD /* Debug */,
				5FD97C381DD16F6A00CC96DD /* Release */,
			);
			defaultConfigurationIsVisible = 0;
			defaultConfigurationName = Release;
		};
		5FD97C391DD16F6A00CC96DD /* Build configuration list for PBXNativeTarget "Class1108_PropertyAttributes" */ = {
			isa = XCConfigurationList;
			buildConfigurations = (
				5FD97C3A1DD16F6A00CC96DD /* Debug */,
				5FD97C3B1DD16F6A00CC96DD /* Release */,
			);
			defaultConfigurationIsVisible = 0;
		};
/* End XCConfigurationList section */
	};
	rootObject = 5FD97C2A1DD16F6A00CC96DD /* Project object */;
}
