// !$*UTF8*$!
{
	archiveVersion = 1;
	classes = {
	};
	objectVersion = 46;
	objects = {

/* Begin PBXBuildFile section */
		5F96975A1D8FB83200155405 /* main.m in Sources */ = {isa = PBXBuildFile; fileRef = 5F9697591D8FB83200155405 /* main.m */; };
		5F9697621D8FB95800155405 /* Person.m in Sources */ = {isa = PBXBuildFile; fileRef = 5F9697611D8FB95800155405 /* Person.m */; };
		5F9697651D8FC1A500155405 /* Warrior.m in Sources */ = {isa = PBXBuildFile; fileRef = 5F9697641D8FC1A500155405 /* Warrior.m */; };
		5F9697681D8FC3C300155405 /* Wizard.m in Sources */ = {isa = PBXBuildFile; fileRef = 5F9697671D8FC3C300155405 /* Wizard.m */; };
		5F96976B1D8FC6B500155405 /* Archer.m in Sources */ = {isa = PBXBuildFile; fileRef = 5F96976A1D8FC6B500155405 /* Archer.m */; };
		5F96976E1D8FC82C00155405 /* Healer.m in Sources */ = {isa = PBXBuildFile; fileRef = 5F96976D1D8FC82C00155405 /* Healer.m */; };
		5F9697741D8FCB1B00155405 /* MacBook.m in Sources */ = {isa = PBXBuildFile; fileRef = 5F9697731D8FCB1B00155405 /* MacBook.m */; };
		5F9697771D8FCE3D00155405 /* Chicken.m in Sources */ = {isa = PBXBuildFile; fileRef = 5F9697761D8FCE3D00155405 /* Chicken.m */; };
/* End PBXBuildFile section */

/* Begin PBXCopyFilesBuildPhase section */
		5F9697541D8FB83200155405 /* CopyFiles */ = {
			isa = PBXCopyFilesBuildPhase;
			buildActionMask = 2147483647;
			dstPath = /usr/share/man/man1/;
			dstSubfolderSpec = 0;
			files = (
			);
			runOnlyForDeploymentPostprocessing = 1;
		};
/* End PBXCopyFilesBuildPhase section */

/* Begin PBXFileReference section */
		5F9697561D8FB83200155405 /* StructureEX */ = {isa = PBXFileReference; explicitFileType = "compiled.mach-o.executable"; includeInIndex = 0; path = StructureEX; sourceTree = BUILT_PRODUCTS_DIR; };
		5F9697591D8FB83200155405 /* main.m */ = {isa = PBXFileReference; lastKnownFileType = sourcecode.c.objc; path = main.m; sourceTree = "<group>"; };
		5F9697601D8FB95800155405 /* Person.h */ = {isa = PBXFileReference; fileEncoding = 4; lastKnownFileType = sourcecode.c.h; path = Person.h; sourceTree = "<group>"; };
		5F9697611D8FB95800155405 /* Person.m */ = {isa = PBXFileReference; fileEncoding = 4; lastKnownFileType = sourcecode.c.objc; path = Person.m; sourceTree = "<group>"; };
		5F9697631D8FC1A500155405 /* Warrior.h */ = {isa = PBXFileReference; fileEncoding = 4; lastKnownFileType = sourcecode.c.h; path = Warrior.h; sourceTree = "<group>"; };
		5F9697641D8FC1A500155405 /* Warrior.m */ = {isa = PBXFileReference; fileEncoding = 4; lastKnownFileType = sourcecode.c.objc; path = Warrior.m; sourceTree = "<group>"; };
		5F9697661D8FC3C300155405 /* Wizard.h */ = {isa = PBXFileReference; fileEncoding = 4; lastKnownFileType = sourcecode.c.h; path = Wizard.h; sourceTree = "<group>"; };
		5F9697671D8FC3C300155405 /* Wizard.m */ = {isa = PBXFileReference; fileEncoding = 4; lastKnownFileType = sourcecode.c.objc; path = Wizard.m; sourceTree = "<group>"; };
		5F9697691D8FC6B500155405 /* Archer.h */ = {isa = PBXFileReference; fileEncoding = 4; lastKnownFileType = sourcecode.c.h; path = Archer.h; sourceTree = "<group>"; };
		5F96976A1D8FC6B500155405 /* Archer.m */ = {isa = PBXFileReference; fileEncoding = 4; lastKnownFileType = sourcecode.c.objc; path = Archer.m; sourceTree = "<group>"; };
		5F96976C1D8FC82C00155405 /* Healer.h */ = {isa = PBXFileReference; fileEncoding = 4; lastKnownFileType = sourcecode.c.h; path = Healer.h; sourceTree = "<group>"; };
		5F96976D1D8FC82C00155405 /* Healer.m */ = {isa = PBXFileReference; fileEncoding = 4; lastKnownFileType = sourcecode.c.objc; path = Healer.m; sourceTree = "<group>"; };
		5F9697721D8FCB1B00155405 /* MacBook.h */ = {isa = PBXFileReference; fileEncoding = 4; lastKnownFileType = sourcecode.c.h; path = MacBook.h; sourceTree = "<group>"; };
		5F9697731D8FCB1B00155405 /* MacBook.m */ = {isa = PBXFileReference; fileEncoding = 4; lastKnownFileType = sourcecode.c.objc; path = MacBook.m; sourceTree = "<group>"; };
		5F9697751D8FCE3D00155405 /* Chicken.h */ = {isa = PBXFileReference; fileEncoding = 4; lastKnownFileType = sourcecode.c.h; path = Chicken.h; sourceTree = "<group>"; };
		5F9697761D8FCE3D00155405 /* Chicken.m */ = {isa = PBXFileReference; fileEncoding = 4; lastKnownFileType = sourcecode.c.objc; path = Chicken.m; sourceTree = "<group>"; };
/* End PBXFileReference section */

/* Begin PBXFrameworksBuildPhase section */
		5F9697531D8FB83200155405 /* Frameworks */ = {
			isa = PBXFrameworksBuildPhase;
			buildActionMask = 2147483647;
			files = (
			);
			runOnlyForDeploymentPostprocessing = 0;
		};
/* End PBXFrameworksBuildPhase section */

/* Begin PBXGroup section */
		5F96974D1D8FB83200155405 = {
			isa = PBXGroup;
			children = (
				5F9697581D8FB83200155405 /* StructureEX */,
				5F9697571D8FB83200155405 /* Products */,
			);
			sourceTree = "<group>";
		};
		5F9697571D8FB83200155405 /* Products */ = {
			isa = PBXGroup;
			children = (
				5F9697561D8FB83200155405 /* StructureEX */,
			);
			name = Products;
			sourceTree = "<group>";
		};
		5F9697581D8FB83200155405 /* StructureEX */ = {
			isa = PBXGroup;
			children = (
				5F9697591D8FB83200155405 /* main.m */,
				5F9697601D8FB95800155405 /* Person.h */,
				5F9697611D8FB95800155405 /* Person.m */,
				5F9697631D8FC1A500155405 /* Warrior.h */,
				5F9697641D8FC1A500155405 /* Warrior.m */,
				5F9697661D8FC3C300155405 /* Wizard.h */,
				5F9697671D8FC3C300155405 /* Wizard.m */,
				5F9697691D8FC6B500155405 /* Archer.h */,
				5F96976A1D8FC6B500155405 /* Archer.m */,
				5F96976C1D8FC82C00155405 /* Healer.h */,
				5F96976D1D8FC82C00155405 /* Healer.m */,
				5F9697721D8FCB1B00155405 /* MacBook.h */,
				5F9697731D8FCB1B00155405 /* MacBook.m */,
				5F9697751D8FCE3D00155405 /* Chicken.h */,
				5F9697761D8FCE3D00155405 /* Chicken.m */,
			);
			path = StructureEX;
			sourceTree = "<group>";
		};
/* End PBXGroup section */

/* Begin PBXNativeTarget section */
		5F9697551D8FB83200155405 /* StructureEX */ = {
			isa = PBXNativeTarget;
			buildConfigurationList = 5F96975D1D8FB83200155405 /* Build configuration list for PBXNativeTarget "StructureEX" */;
			buildPhases = (
				5F9697521D8FB83200155405 /* Sources */,
				5F9697531D8FB83200155405 /* Frameworks */,
				5F9697541D8FB83200155405 /* CopyFiles */,
			);
			buildRules = (
			);
			dependencies = (
			);
			name = StructureEX;
			productName = StructureEX;
			productReference = 5F9697561D8FB83200155405 /* StructureEX */;
			productType = "com.apple.product-type.tool";
		};
/* End PBXNativeTarget section */

/* Begin PBXProject section */
		5F96974E1D8FB83200155405 /* Project object */ = {
			isa = PBXProject;
			attributes = {
				LastUpgradeCheck = 0800;
				ORGANIZATIONNAME = chaving;
				TargetAttributes = {
					5F9697551D8FB83200155405 = {
						CreatedOnToolsVersion = 8.0;
						ProvisioningStyle = Automatic;
					};
				};
			};
			buildConfigurationList = 5F9697511D8FB83200155405 /* Build configuration list for PBXProject "StructureEX" */;
			compatibilityVersion = "Xcode 3.2";
			developmentRegion = English;
			hasScannedForEncodings = 0;
			knownRegions = (
				en,
			);
			mainGroup = 5F96974D1D8FB83200155405;
			productRefGroup = 5F9697571D8FB83200155405 /* Products */;
			projectDirPath = "";
			projectRoot = "";
			targets = (
				5F9697551D8FB83200155405 /* StructureEX */,
			);
		};
/* End PBXProject section */

/* Begin PBXSourcesBuildPhase section */
		5F9697521D8FB83200155405 /* Sources */ = {
			isa = PBXSourcesBuildPhase;
			buildActionMask = 2147483647;
			files = (
				5F9697681D8FC3C300155405 /* Wizard.m in Sources */,
				5F9697771D8FCE3D00155405 /* Chicken.m in Sources */,
				5F9697651D8FC1A500155405 /* Warrior.m in Sources */,
				5F9697741D8FCB1B00155405 /* MacBook.m in Sources */,
				5F9697621D8FB95800155405 /* Person.m in Sources */,
				5F96975A1D8FB83200155405 /* main.m in Sources */,
				5F96976E1D8FC82C00155405 /* Healer.m in Sources */,
				5F96976B1D8FC6B500155405 /* Archer.m in Sources */,
			);
			runOnlyForDeploymentPostprocessing = 0;
		};
/* End PBXSourcesBuildPhase section */

/* Begin XCBuildConfiguration section */
		5F96975B1D8FB83200155405 /* Debug */ = {
			isa = XCBuildConfiguration;
			buildSettings = {
				ALWAYS_SEARCH_USER_PATHS = NO;
				CLANG_ANALYZER_NONNULL = YES;
				CLANG_CXX_LANGUAGE_STANDARD = "gnu++0x";
				CLANG_CXX_LIBRARY = "libc++";
				CLANG_ENABLE_MODULES = YES;
				CLANG_ENABLE_OBJC_ARC = YES;
				CLANG_WARN_BOOL_CONVERSION = YES;
				CLANG_WARN_CONSTANT_CONVERSION = YES;
				CLANG_WARN_DIRECT_OBJC_ISA_USAGE = YES_ERROR;
				CLANG_WARN_DOCUMENTATION_COMMENTS = YES;
				CLANG_WARN_EMPTY_BODY = YES;
				CLANG_WARN_ENUM_CONVERSION = YES;
				CLANG_WARN_INFINITE_RECURSION = YES;
				CLANG_WARN_INT_CONVERSION = YES;
				CLANG_WARN_OBJC_ROOT_CLASS = YES_ERROR;
				CLANG_WARN_SUSPICIOUS_MOVES = YES;
				CLANG_WARN_UNREACHABLE_CODE = YES;
				CLANG_WARN__DUPLICATE_METHOD_MATCH = YES;
				CODE_SIGN_IDENTITY = "-";
				COPY_PHASE_STRIP = NO;
				DEBUG_INFORMATION_FORMAT = dwarf;
				ENABLE_STRICT_OBJC_MSGSEND = YES;
				ENABLE_TESTABILITY = YES;
				GCC_C_LANGUAGE_STANDARD = gnu99;
				GCC_DYNAMIC_NO_PIC = NO;
				GCC_NO_COMMON_BLOCKS = YES;
				GCC_OPTIMIZATION_LEVEL = 0;
				GCC_PREPROCESSOR_DEFINITIONS = (
					"DEBUG=1",
					"$(inherited)",
				);
				GCC_WARN_64_TO_32_BIT_CONVERSION = YES;
				GCC_WARN_ABOUT_RETURN_TYPE = YES_ERROR;
				GCC_WARN_UNDECLARED_SELECTOR = YES;
				GCC_WARN_UNINITIALIZED_AUTOS = YES_AGGRESSIVE;
				GCC_WARN_UNUSED_FUNCTION = YES;
				GCC_WARN_UNUSED_VARIABLE = YES;
				MACOSX_DEPLOYMENT_TARGET = 10.11;
				MTL_ENABLE_DEBUG_INFO = YES;
				ONLY_ACTIVE_ARCH = YES;
				SDKROOT = macosx;
			};
			name = Debug;
		};
		5F96975C1D8FB83200155405 /* Release */ = {
			isa = XCBuildConfiguration;
			buildSettings = {
				ALWAYS_SEARCH_USER_PATHS = NO;
				CLANG_ANALYZER_NONNULL = YES;
				CLANG_CXX_LANGUAGE_STANDARD = "gnu++0x";
				CLANG_CXX_LIBRARY = "libc++";
				CLANG_ENABLE_MODULES = YES;
				CLANG_ENABLE_OBJC_ARC = YES;
				CLANG_WARN_BOOL_CONVERSION = YES;
				CLANG_WARN_CONSTANT_CONVERSION = YES;
				CLANG_WARN_DIRECT_OBJC_ISA_USAGE = YES_ERROR;
				CLANG_WARN_DOCUMENTATION_COMMENTS = YES;
				CLANG_WARN_EMPTY_BODY = YES;
				CLANG_WARN_ENUM_CONVERSION = YES;
				CLANG_WARN_INFINITE_RECURSION = YES;
				CLANG_WARN_INT_CONVERSION = YES;
				CLANG_WARN_OBJC_ROOT_CLASS = YES_ERROR;
				CLANG_WARN_SUSPICIOUS_MOVES = YES;
				CLANG_WARN_UNREACHABLE_CODE = YES;
				CLANG_WARN__DUPLICATE_METHOD_MATCH = YES;
				CODE_SIGN_IDENTITY = "-";
				COPY_PHASE_STRIP = NO;
				DEBUG_INFORMATION_FORMAT = "dwarf-with-dsym";
				ENABLE_NS_ASSERTIONS = NO;
				ENABLE_STRICT_OBJC_MSGSEND = YES;
				GCC_C_LANGUAGE_STANDARD = gnu99;
				GCC_NO_COMMON_BLOCKS = YES;
				GCC_WARN_64_TO_32_BIT_CONVERSION = YES;
				GCC_WARN_ABOUT_RETURN_TYPE = YES_ERROR;
				GCC_WARN_UNDECLARED_SELECTOR = YES;
				GCC_WARN_UNINITIALIZED_AUTOS = YES_AGGRESSIVE;
				GCC_WARN_UNUSED_FUNCTION = YES;
				GCC_WARN_UNUSED_VARIABLE = YES;
				MACOSX_DEPLOYMENT_TARGET = 10.11;
				MTL_ENABLE_DEBUG_INFO = NO;
				SDKROOT = macosx;
			};
			name = Release;
		};
		5F96975E1D8FB83200155405 /* Debug */ = {
			isa = XCBuildConfiguration;
			buildSettings = {
				PRODUCT_NAME = "$(TARGET_NAME)";
			};
			name = Debug;
		};
		5F96975F1D8FB83200155405 /* Release */ = {
			isa = XCBuildConfiguration;
			buildSettings = {
				PRODUCT_NAME = "$(TARGET_NAME)";
			};
			name = Release;
		};
/* End XCBuildConfiguration section */

/* Begin XCConfigurationList section */
		5F9697511D8FB83200155405 /* Build configuration list for PBXProject "StructureEX" */ = {
			isa = XCConfigurationList;
			buildConfigurations = (
				5F96975B1D8FB83200155405 /* Debug */,
				5F96975C1D8FB83200155405 /* Release */,
			);
			defaultConfigurationIsVisible = 0;
			defaultConfigurationName = Release;
		};
		5F96975D1D8FB83200155405 /* Build configuration list for PBXNativeTarget "StructureEX" */ = {
			isa = XCConfigurationList;
			buildConfigurations = (
				5F96975E1D8FB83200155405 /* Debug */,
				5F96975F1D8FB83200155405 /* Release */,
			);
			defaultConfigurationIsVisible = 0;
		};
/* End XCConfigurationList section */
	};
	rootObject = 5F96974E1D8FB83200155405 /* Project object */;
}
