// !$*UTF8*$!
{
	archiveVersion = 1;
	classes = {
	};
	objectVersion = 46;
	objects = {

/* Begin PBXBuildFile section */
		5F8FC0091DA5E30300583429 /* main.m in Sources */ = {isa = PBXBuildFile; fileRef = 5F8FC0081DA5E30300583429 /* main.m */; };
		5F8FC0111DA5E30D00583429 /* test.m in Sources */ = {isa = PBXBuildFile; fileRef = 5F8FC0101DA5E30D00583429 /* test.m */; };
		5F8FC0141DA5EAB700583429 /* Node.m in Sources */ = {isa = PBXBuildFile; fileRef = 5F8FC0131DA5EAB700583429 /* Node.m */; };
		5F8FC0171DA5EAC200583429 /* LinkedList.m in Sources */ = {isa = PBXBuildFile; fileRef = 5F8FC0161DA5EAC200583429 /* LinkedList.m */; };
/* End PBXBuildFile section */

/* Begin PBXCopyFilesBuildPhase section */
		5F8FC0031DA5E30300583429 /* CopyFiles */ = {
			isa = PBXCopyFilesBuildPhase;
			buildActionMask = 2147483647;
			dstPath = /usr/share/man/man1/;
			dstSubfolderSpec = 0;
			files = (
			);
			runOnlyForDeploymentPostprocessing = 1;
		};
/* End PBXCopyFilesBuildPhase section */

/* Begin PBXFileReference section */
		5F8FC0051DA5E30300583429 /* Class1006 */ = {isa = PBXFileReference; explicitFileType = "compiled.mach-o.executable"; includeInIndex = 0; path = Class1006; sourceTree = BUILT_PRODUCTS_DIR; };
		5F8FC0081DA5E30300583429 /* main.m */ = {isa = PBXFileReference; lastKnownFileType = sourcecode.c.objc; path = main.m; sourceTree = "<group>"; };
		5F8FC00F1DA5E30D00583429 /* test.h */ = {isa = PBXFileReference; fileEncoding = 4; lastKnownFileType = sourcecode.c.h; path = test.h; sourceTree = "<group>"; };
		5F8FC0101DA5E30D00583429 /* test.m */ = {isa = PBXFileReference; fileEncoding = 4; lastKnownFileType = sourcecode.c.objc; path = test.m; sourceTree = "<group>"; };
		5F8FC0121DA5EAB700583429 /* Node.h */ = {isa = PBXFileReference; fileEncoding = 4; lastKnownFileType = sourcecode.c.h; path = Node.h; sourceTree = "<group>"; };
		5F8FC0131DA5EAB700583429 /* Node.m */ = {isa = PBXFileReference; fileEncoding = 4; lastKnownFileType = sourcecode.c.objc; path = Node.m; sourceTree = "<group>"; };
		5F8FC0151DA5EAC200583429 /* LinkedList.h */ = {isa = PBXFileReference; fileEncoding = 4; lastKnownFileType = sourcecode.c.h; path = LinkedList.h; sourceTree = "<group>"; };
		5F8FC0161DA5EAC200583429 /* LinkedList.m */ = {isa = PBXFileReference; fileEncoding = 4; lastKnownFileType = sourcecode.c.objc; path = LinkedList.m; sourceTree = "<group>"; };
/* End PBXFileReference section */

/* Begin PBXFrameworksBuildPhase section */
		5F8FC0021DA5E30300583429 /* Frameworks */ = {
			isa = PBXFrameworksBuildPhase;
			buildActionMask = 2147483647;
			files = (
			);
			runOnlyForDeploymentPostprocessing = 0;
		};
/* End PBXFrameworksBuildPhase section */

/* Begin PBXGroup section */
		5F8FBFFC1DA5E30300583429 = {
			isa = PBXGroup;
			children = (
				5F8FC0071DA5E30300583429 /* Class1006 */,
				5F8FC0061DA5E30300583429 /* Products */,
			);
			sourceTree = "<group>";
		};
		5F8FC0061DA5E30300583429 /* Products */ = {
			isa = PBXGroup;
			children = (
				5F8FC0051DA5E30300583429 /* Class1006 */,
			);
			name = Products;
			sourceTree = "<group>";
		};
		5F8FC0071DA5E30300583429 /* Class1006 */ = {
			isa = PBXGroup;
			children = (
				5F8FC0081DA5E30300583429 /* main.m */,
				5F8FC00F1DA5E30D00583429 /* test.h */,
				5F8FC0101DA5E30D00583429 /* test.m */,
				5F8FC0121DA5EAB700583429 /* Node.h */,
				5F8FC0131DA5EAB700583429 /* Node.m */,
				5F8FC0151DA5EAC200583429 /* LinkedList.h */,
				5F8FC0161DA5EAC200583429 /* LinkedList.m */,
			);
			path = Class1006;
			sourceTree = "<group>";
		};
/* End PBXGroup section */

/* Begin PBXNativeTarget section */
		5F8FC0041DA5E30300583429 /* Class1006 */ = {
			isa = PBXNativeTarget;
			buildConfigurationList = 5F8FC00C1DA5E30300583429 /* Build configuration list for PBXNativeTarget "Class1006" */;
			buildPhases = (
				5F8FC0011DA5E30300583429 /* Sources */,
				5F8FC0021DA5E30300583429 /* Frameworks */,
				5F8FC0031DA5E30300583429 /* CopyFiles */,
			);
			buildRules = (
			);
			dependencies = (
			);
			name = Class1006;
			productName = Class1006;
			productReference = 5F8FC0051DA5E30300583429 /* Class1006 */;
			productType = "com.apple.product-type.tool";
		};
/* End PBXNativeTarget section */

/* Begin PBXProject section */
		5F8FBFFD1DA5E30300583429 /* Project object */ = {
			isa = PBXProject;
			attributes = {
				LastUpgradeCheck = 0800;
				ORGANIZATIONNAME = chaving;
				TargetAttributes = {
					5F8FC0041DA5E30300583429 = {
						CreatedOnToolsVersion = 8.0;
						ProvisioningStyle = Automatic;
					};
				};
			};
			buildConfigurationList = 5F8FC0001DA5E30300583429 /* Build configuration list for PBXProject "Class1006" */;
			compatibilityVersion = "Xcode 3.2";
			developmentRegion = English;
			hasScannedForEncodings = 0;
			knownRegions = (
				en,
			);
			mainGroup = 5F8FBFFC1DA5E30300583429;
			productRefGroup = 5F8FC0061DA5E30300583429 /* Products */;
			projectDirPath = "";
			projectRoot = "";
			targets = (
				5F8FC0041DA5E30300583429 /* Class1006 */,
			);
		};
/* End PBXProject section */

/* Begin PBXSourcesBuildPhase section */
		5F8FC0011DA5E30300583429 /* Sources */ = {
			isa = PBXSourcesBuildPhase;
			buildActionMask = 2147483647;
			files = (
				5F8FC0091DA5E30300583429 /* main.m in Sources */,
				5F8FC0111DA5E30D00583429 /* test.m in Sources */,
				5F8FC0171DA5EAC200583429 /* LinkedList.m in Sources */,
				5F8FC0141DA5EAB700583429 /* Node.m in Sources */,
			);
			runOnlyForDeploymentPostprocessing = 0;
		};
/* End PBXSourcesBuildPhase section */

/* Begin XCBuildConfiguration section */
		5F8FC00A1DA5E30300583429 /* Debug */ = {
			isa = XCBuildConfiguration;
			buildSettings = {
				ALWAYS_SEARCH_USER_PATHS = NO;
				CLANG_ANALYZER_NONNULL = YES;
				CLANG_CXX_LANGUAGE_STANDARD = "gnu++0x";
				CLANG_CXX_LIBRARY = "libc++";
				CLANG_ENABLE_MODULES = YES;
				CLANG_ENABLE_OBJC_ARC = YES;
				CLANG_WARN_BOOL_CONVERSION = YES;
				CLANG_WARN_CONSTANT_CONVERSION = YES;
				CLANG_WARN_DIRECT_OBJC_ISA_USAGE = YES_ERROR;
				CLANG_WARN_DOCUMENTATION_COMMENTS = YES;
				CLANG_WARN_EMPTY_BODY = YES;
				CLANG_WARN_ENUM_CONVERSION = YES;
				CLANG_WARN_INFINITE_RECURSION = YES;
				CLANG_WARN_INT_CONVERSION = YES;
				CLANG_WARN_OBJC_ROOT_CLASS = YES_ERROR;
				CLANG_WARN_SUSPICIOUS_MOVES = YES;
				CLANG_WARN_UNREACHABLE_CODE = YES;
				CLANG_WARN__DUPLICATE_METHOD_MATCH = YES;
				CODE_SIGN_IDENTITY = "-";
				COPY_PHASE_STRIP = NO;
				DEBUG_INFORMATION_FORMAT = dwarf;
				ENABLE_STRICT_OBJC_MSGSEND = YES;
				ENABLE_TESTABILITY = YES;
				GCC_C_LANGUAGE_STANDARD = gnu99;
				GCC_DYNAMIC_NO_PIC = NO;
				GCC_NO_COMMON_BLOCKS = YES;
				GCC_OPTIMIZATION_LEVEL = 0;
				GCC_PREPROCESSOR_DEFINITIONS = (
					"DEBUG=1",
					"$(inherited)",
				);
				GCC_WARN_64_TO_32_BIT_CONVERSION = YES;
				GCC_WARN_ABOUT_RETURN_TYPE = YES_ERROR;
				GCC_WARN_UNDECLARED_SELECTOR = YES;
				GCC_WARN_UNINITIALIZED_AUTOS = YES_AGGRESSIVE;
				GCC_WARN_UNUSED_FUNCTION = YES;
				GCC_WARN_UNUSED_VARIABLE = YES;
				MACOSX_DEPLOYMENT_TARGET = 10.12;
				MTL_ENABLE_DEBUG_INFO = YES;
				ONLY_ACTIVE_ARCH = YES;
				SDKROOT = macosx;
			};
			name = Debug;
		};
		5F8FC00B1DA5E30300583429 /* Release */ = {
			isa = XCBuildConfiguration;
			buildSettings = {
				ALWAYS_SEARCH_USER_PATHS = NO;
				CLANG_ANALYZER_NONNULL = YES;
				CLANG_CXX_LANGUAGE_STANDARD = "gnu++0x";
				CLANG_CXX_LIBRARY = "libc++";
				CLANG_ENABLE_MODULES = YES;
				CLANG_ENABLE_OBJC_ARC = YES;
				CLANG_WARN_BOOL_CONVERSION = YES;
				CLANG_WARN_CONSTANT_CONVERSION = YES;
				CLANG_WARN_DIRECT_OBJC_ISA_USAGE = YES_ERROR;
				CLANG_WARN_DOCUMENTATION_COMMENTS = YES;
				CLANG_WARN_EMPTY_BODY = YES;
				CLANG_WARN_ENUM_CONVERSION = YES;
				CLANG_WARN_INFINITE_RECURSION = YES;
				CLANG_WARN_INT_CONVERSION = YES;
				CLANG_WARN_OBJC_ROOT_CLASS = YES_ERROR;
				CLANG_WARN_SUSPICIOUS_MOVES = YES;
				CLANG_WARN_UNREACHABLE_CODE = YES;
				CLANG_WARN__DUPLICATE_METHOD_MATCH = YES;
				CODE_SIGN_IDENTITY = "-";
				COPY_PHASE_STRIP = NO;
				DEBUG_INFORMATION_FORMAT = "dwarf-with-dsym";
				ENABLE_NS_ASSERTIONS = NO;
				ENABLE_STRICT_OBJC_MSGSEND = YES;
				GCC_C_LANGUAGE_STANDARD = gnu99;
				GCC_NO_COMMON_BLOCKS = YES;
				GCC_WARN_64_TO_32_BIT_CONVERSION = YES;
				GCC_WARN_ABOUT_RETURN_TYPE = YES_ERROR;
				GCC_WARN_UNDECLARED_SELECTOR = YES;
				GCC_WARN_UNINITIALIZED_AUTOS = YES_AGGRESSIVE;
				GCC_WARN_UNUSED_FUNCTION = YES;
				GCC_WARN_UNUSED_VARIABLE = YES;
				MACOSX_DEPLOYMENT_TARGET = 10.12;
				MTL_ENABLE_DEBUG_INFO = NO;
				SDKROOT = macosx;
			};
			name = Release;
		};
		5F8FC00D1DA5E30300583429 /* Debug */ = {
			isa = XCBuildConfiguration;
			buildSettings = {
				PRODUCT_NAME = "$(TARGET_NAME)";
			};
			name = Debug;
		};
		5F8FC00E1DA5E30300583429 /* Release */ = {
			isa = XCBuildConfiguration;
			buildSettings = {
				PRODUCT_NAME = "$(TARGET_NAME)";
			};
			name = Release;
		};
/* End XCBuildConfiguration section */

/* Begin XCConfigurationList section */
		5F8FC0001DA5E30300583429 /* Build configuration list for PBXProject "Class1006" */ = {
			isa = XCConfigurationList;
			buildConfigurations = (
				5F8FC00A1DA5E30300583429 /* Debug */,
				5F8FC00B1DA5E30300583429 /* Release */,
			);
			defaultConfigurationIsVisible = 0;
			defaultConfigurationName = Release;
		};
		5F8FC00C1DA5E30300583429 /* Build configuration list for PBXNativeTarget "Class1006" */ = {
			isa = XCConfigurationList;
			buildConfigurations = (
				5F8FC00D1DA5E30300583429 /* Debug */,
				5F8FC00E1DA5E30300583429 /* Release */,
			);
			defaultConfigurationIsVisible = 0;
		};
/* End XCConfigurationList section */
	};
	rootObject = 5F8FBFFD1DA5E30300583429 /* Project object */;
}
